<?xml version="1.0" encoding="utf-8"?>
<Project ToolsVersion="15.0" xmlns="http://schemas.microsoft.com/developer/msbuild/2003">
  <ItemGroup>
    <ClCompile Include="E:\GitHub\RmlUi\vs\CMakeFiles\RmlCore.dir\cmake_pch.cxx">
      <Filter>Source Files</Filter>
    </ClCompile>
    <ClCompile Include="E:\GitHub\RmlUi\Source\Core\BaseXMLParser.cpp">
      <Filter>Source Files</Filter>
    </ClCompile>
    <ClCompile Include="E:\GitHub\RmlUi\Source\Core\Box.cpp">
      <Filter>Source Files</Filter>
    </ClCompile>
    <ClCompile Include="E:\GitHub\RmlUi\Source\Core\Clock.cpp">
      <Filter>Source Files</Filter>
    </ClCompile>
    <ClCompile Include="E:\GitHub\RmlUi\Source\Core\ComputeProperty.cpp">
      <Filter>Source Files</Filter>
    </ClCompile>
    <ClCompile Include="E:\GitHub\RmlUi\Source\Core\Context.cpp">
      <Filter>Source Files</Filter>
    </ClCompile>
    <ClCompile Include="E:\GitHub\RmlUi\Source\Core\ContextInstancer.cpp">
      <Filter>Source Files</Filter>
    </ClCompile>
    <ClCompile Include="E:\GitHub\RmlUi\Source\Core\ContextInstancerDefault.cpp">
      <Filter>Source Files</Filter>
    </ClCompile>
    <ClCompile Include="E:\GitHub\RmlUi\Source\Core\ConvolutionFilter.cpp">
      <Filter>Source Files</Filter>
    </ClCompile>
    <ClCompile Include="E:\GitHub\RmlUi\Source\Core\Core.cpp">
      <Filter>Source Files</Filter>
    </ClCompile>
    <ClCompile Include="E:\GitHub\RmlUi\Source\Core\DataController.cpp">
      <Filter>Source Files</Filter>
    </ClCompile>
    <ClCompile Include="E:\GitHub\RmlUi\Source\Core\DataControllerDefault.cpp">
      <Filter>Source Files</Filter>
    </ClCompile>
    <ClCompile Include="E:\GitHub\RmlUi\Source\Core\DataExpression.cpp">
      <Filter>Source Files</Filter>
    </ClCompile>
    <ClCompile Include="E:\GitHub\RmlUi\Source\Core\DataModel.cpp">
      <Filter>Source Files</Filter>
    </ClCompile>
    <ClCompile Include="E:\GitHub\RmlUi\Source\Core\DataModelHandle.cpp">
      <Filter>Source Files</Filter>
    </ClCompile>
    <ClCompile Include="E:\GitHub\RmlUi\Source\Core\DataTypeRegister.cpp">
      <Filter>Source Files</Filter>
    </ClCompile>
    <ClCompile Include="E:\GitHub\RmlUi\Source\Core\DataVariable.cpp">
      <Filter>Source Files</Filter>
    </ClCompile>
    <ClCompile Include="E:\GitHub\RmlUi\Source\Core\DataView.cpp">
      <Filter>Source Files</Filter>
    </ClCompile>
    <ClCompile Include="E:\GitHub\RmlUi\Source\Core\DataViewDefault.cpp">
      <Filter>Source Files</Filter>
    </ClCompile>
    <ClCompile Include="E:\GitHub\RmlUi\Source\Core\Decorator.cpp">
      <Filter>Source Files</Filter>
    </ClCompile>
    <ClCompile Include="E:\GitHub\RmlUi\Source\Core\DecoratorGradient.cpp">
      <Filter>Source Files</Filter>
    </ClCompile>
    <ClCompile Include="E:\GitHub\RmlUi\Source\Core\DecoratorInstancer.cpp">
      <Filter>Source Files</Filter>
    </ClCompile>
    <ClCompile Include="E:\GitHub\RmlUi\Source\Core\DecoratorNinePatch.cpp">
      <Filter>Source Files</Filter>
    </ClCompile>
    <ClCompile Include="E:\GitHub\RmlUi\Source\Core\DecoratorTiled.cpp">
      <Filter>Source Files</Filter>
    </ClCompile>
    <ClCompile Include="E:\GitHub\RmlUi\Source\Core\DecoratorTiledBox.cpp">
      <Filter>Source Files</Filter>
    </ClCompile>
    <ClCompile Include="E:\GitHub\RmlUi\Source\Core\DecoratorTiledBoxInstancer.cpp">
      <Filter>Source Files</Filter>
    </ClCompile>
    <ClCompile Include="E:\GitHub\RmlUi\Source\Core\DecoratorTiledHorizontal.cpp">
      <Filter>Source Files</Filter>
    </ClCompile>
    <ClCompile Include="E:\GitHub\RmlUi\Source\Core\DecoratorTiledHorizontalInstancer.cpp">
      <Filter>Source Files</Filter>
    </ClCompile>
    <ClCompile Include="E:\GitHub\RmlUi\Source\Core\DecoratorTiledImage.cpp">
      <Filter>Source Files</Filter>
    </ClCompile>
    <ClCompile Include="E:\GitHub\RmlUi\Source\Core\DecoratorTiledImageInstancer.cpp">
      <Filter>Source Files</Filter>
    </ClCompile>
    <ClCompile Include="E:\GitHub\RmlUi\Source\Core\DecoratorTiledInstancer.cpp">
      <Filter>Source Files</Filter>
    </ClCompile>
    <ClCompile Include="E:\GitHub\RmlUi\Source\Core\DecoratorTiledVertical.cpp">
      <Filter>Source Files</Filter>
    </ClCompile>
    <ClCompile Include="E:\GitHub\RmlUi\Source\Core\DecoratorTiledVerticalInstancer.cpp">
      <Filter>Source Files</Filter>
    </ClCompile>
    <ClCompile Include="E:\GitHub\RmlUi\Source\Core\DocumentHeader.cpp">
      <Filter>Source Files</Filter>
    </ClCompile>
    <ClCompile Include="E:\GitHub\RmlUi\Source\Core\Element.cpp">
      <Filter>Source Files</Filter>
    </ClCompile>
    <ClCompile Include="E:\GitHub\RmlUi\Source\Core\ElementAnimation.cpp">
      <Filter>Source Files</Filter>
    </ClCompile>
    <ClCompile Include="E:\GitHub\RmlUi\Source\Core\ElementBackgroundBorder.cpp">
      <Filter>Source Files</Filter>
    </ClCompile>
    <ClCompile Include="E:\GitHub\RmlUi\Source\Core\ElementDecoration.cpp">
      <Filter>Source Files</Filter>
    </ClCompile>
    <ClCompile Include="E:\GitHub\RmlUi\Source\Core\ElementDefinition.cpp">
      <Filter>Source Files</Filter>
    </ClCompile>
    <ClCompile Include="E:\GitHub\RmlUi\Source\Core\ElementDocument.cpp">
      <Filter>Source Files</Filter>
    </ClCompile>
    <ClCompile Include="E:\GitHub\RmlUi\Source\Core\ElementHandle.cpp">
      <Filter>Source Files</Filter>
    </ClCompile>
    <ClCompile Include="E:\GitHub\RmlUi\Source\Core\ElementInstancer.cpp">
      <Filter>Source Files</Filter>
    </ClCompile>
    <ClCompile Include="E:\GitHub\RmlUi\Source\Core\Elements\DataFormatter.cpp">
      <Filter>Source Files</Filter>
    </ClCompile>
    <ClCompile Include="E:\GitHub\RmlUi\Source\Core\Elements\DataQuery.cpp">
      <Filter>Source Files</Filter>
    </ClCompile>
    <ClCompile Include="E:\GitHub\RmlUi\Source\Core\Elements\DataSource.cpp">
      <Filter>Source Files</Filter>
    </ClCompile>
    <ClCompile Include="E:\GitHub\RmlUi\Source\Core\Elements\DataSourceListener.cpp">
      <Filter>Source Files</Filter>
    </ClCompile>
    <ClCompile Include="E:\GitHub\RmlUi\Source\Core\Elements\ElementDataGrid.cpp">
      <Filter>Source Files</Filter>
    </ClCompile>
    <ClCompile Include="E:\GitHub\RmlUi\Source\Core\Elements\ElementDataGridCell.cpp">
      <Filter>Source Files</Filter>
    </ClCompile>
    <ClCompile Include="E:\GitHub\RmlUi\Source\Core\Elements\ElementDataGridExpandButton.cpp">
      <Filter>Source Files</Filter>
    </ClCompile>
    <ClCompile Include="E:\GitHub\RmlUi\Source\Core\Elements\ElementDataGridRow.cpp">
      <Filter>Source Files</Filter>
    </ClCompile>
    <ClCompile Include="E:\GitHub\RmlUi\Source\Core\Elements\ElementForm.cpp">
      <Filter>Source Files</Filter>
    </ClCompile>
    <ClCompile Include="E:\GitHub\RmlUi\Source\Core\Elements\ElementFormControl.cpp">
      <Filter>Source Files</Filter>
    </ClCompile>
    <ClCompile Include="E:\GitHub\RmlUi\Source\Core\Elements\ElementFormControlDataSelect.cpp">
      <Filter>Source Files</Filter>
    </ClCompile>
    <ClCompile Include="E:\GitHub\RmlUi\Source\Core\Elements\ElementFormControlInput.cpp">
      <Filter>Source Files</Filter>
    </ClCompile>
    <ClCompile Include="E:\GitHub\RmlUi\Source\Core\Elements\ElementFormControlSelect.cpp">
      <Filter>Source Files</Filter>
    </ClCompile>
    <ClCompile Include="E:\GitHub\RmlUi\Source\Core\Elements\ElementFormControlTextArea.cpp">
      <Filter>Source Files</Filter>
    </ClCompile>
    <ClCompile Include="E:\GitHub\RmlUi\Source\Core\Elements\ElementImage.cpp">
      <Filter>Source Files</Filter>
    </ClCompile>
    <ClCompile Include="E:\GitHub\RmlUi\Source\Core\Elements\ElementLabel.cpp">
      <Filter>Source Files</Filter>
    </ClCompile>
    <ClCompile Include="E:\GitHub\RmlUi\Source\Core\Elements\ElementProgress.cpp">
      <Filter>Source Files</Filter>
    </ClCompile>
    <ClCompile Include="E:\GitHub\RmlUi\Source\Core\Elements\ElementTabSet.cpp">
      <Filter>Source Files</Filter>
    </ClCompile>
    <ClCompile Include="E:\GitHub\RmlUi\Source\Core\Elements\ElementTextSelection.cpp">
      <Filter>Source Files</Filter>
    </ClCompile>
    <ClCompile Include="E:\GitHub\RmlUi\Source\Core\Elements\InputType.cpp">
      <Filter>Source Files</Filter>
    </ClCompile>
    <ClCompile Include="E:\GitHub\RmlUi\Source\Core\Elements\InputTypeButton.cpp">
      <Filter>Source Files</Filter>
    </ClCompile>
    <ClCompile Include="E:\GitHub\RmlUi\Source\Core\Elements\InputTypeCheckbox.cpp">
      <Filter>Source Files</Filter>
    </ClCompile>
    <ClCompile Include="E:\GitHub\RmlUi\Source\Core\Elements\InputTypeRadio.cpp">
      <Filter>Source Files</Filter>
    </ClCompile>
    <ClCompile Include="E:\GitHub\RmlUi\Source\Core\Elements\InputTypeRange.cpp">
      <Filter>Source Files</Filter>
    </ClCompile>
    <ClCompile Include="E:\GitHub\RmlUi\Source\Core\Elements\InputTypeSubmit.cpp">
      <Filter>Source Files</Filter>
    </ClCompile>
    <ClCompile Include="E:\GitHub\RmlUi\Source\Core\Elements\InputTypeText.cpp">
      <Filter>Source Files</Filter>
    </ClCompile>
    <ClCompile Include="E:\GitHub\RmlUi\Source\Core\Elements\WidgetDropDown.cpp">
      <Filter>Source Files</Filter>
    </ClCompile>
    <ClCompile Include="E:\GitHub\RmlUi\Source\Core\Elements\WidgetSlider.cpp">
      <Filter>Source Files</Filter>
    </ClCompile>
    <ClCompile Include="E:\GitHub\RmlUi\Source\Core\Elements\WidgetTextInput.cpp">
      <Filter>Source Files</Filter>
    </ClCompile>
    <ClCompile Include="E:\GitHub\RmlUi\Source\Core\Elements\WidgetTextInputMultiLine.cpp">
      <Filter>Source Files</Filter>
    </ClCompile>
    <ClCompile Include="E:\GitHub\RmlUi\Source\Core\Elements\WidgetTextInputSingleLine.cpp">
      <Filter>Source Files</Filter>
    </ClCompile>
    <ClCompile Include="E:\GitHub\RmlUi\Source\Core\Elements\WidgetTextInputSingleLinePassword.cpp">
      <Filter>Source Files</Filter>
    </ClCompile>
    <ClCompile Include="E:\GitHub\RmlUi\Source\Core\Elements\XMLNodeHandlerDataGrid.cpp">
      <Filter>Source Files</Filter>
    </ClCompile>
    <ClCompile Include="E:\GitHub\RmlUi\Source\Core\Elements\XMLNodeHandlerSelect.cpp">
      <Filter>Source Files</Filter>
    </ClCompile>
    <ClCompile Include="E:\GitHub\RmlUi\Source\Core\Elements\XMLNodeHandlerTabSet.cpp">
      <Filter>Source Files</Filter>
    </ClCompile>
    <ClCompile Include="E:\GitHub\RmlUi\Source\Core\Elements\XMLNodeHandlerTextArea.cpp">
      <Filter>Source Files</Filter>
    </ClCompile>
    <ClCompile Include="E:\GitHub\RmlUi\Source\Core\ElementScroll.cpp">
      <Filter>Source Files</Filter>
    </ClCompile>
    <ClCompile Include="E:\GitHub\RmlUi\Source\Core\ElementStyle.cpp">
      <Filter>Source Files</Filter>
    </ClCompile>
    <ClCompile Include="E:\GitHub\RmlUi\Source\Core\ElementText.cpp">
      <Filter>Source Files</Filter>
    </ClCompile>
    <ClCompile Include="E:\GitHub\RmlUi\Source\Core\ElementUtilities.cpp">
      <Filter>Source Files</Filter>
    </ClCompile>
    <ClCompile Include="E:\GitHub\RmlUi\Source\Core\Event.cpp">
      <Filter>Source Files</Filter>
    </ClCompile>
    <ClCompile Include="E:\GitHub\RmlUi\Source\Core\EventDispatcher.cpp">
      <Filter>Source Files</Filter>
    </ClCompile>
    <ClCompile Include="E:\GitHub\RmlUi\Source\Core\EventInstancer.cpp">
      <Filter>Source Files</Filter>
    </ClCompile>
    <ClCompile Include="E:\GitHub\RmlUi\Source\Core\EventInstancerDefault.cpp">
      <Filter>Source Files</Filter>
    </ClCompile>
    <ClCompile Include="E:\GitHub\RmlUi\Source\Core\EventListenerInstancer.cpp">
      <Filter>Source Files</Filter>
    </ClCompile>
    <ClCompile Include="E:\GitHub\RmlUi\Source\Core\EventSpecification.cpp">
      <Filter>Source Files</Filter>
    </ClCompile>
    <ClCompile Include="E:\GitHub\RmlUi\Source\Core\Factory.cpp">
      <Filter>Source Files</Filter>
    </ClCompile>
    <ClCompile Include="E:\GitHub\RmlUi\Source\Core\FileInterface.cpp">
      <Filter>Source Files</Filter>
    </ClCompile>
    <ClCompile Include="E:\GitHub\RmlUi\Source\Core\FileInterfaceDefault.cpp">
      <Filter>Source Files</Filter>
    </ClCompile>
    <ClCompile Include="E:\GitHub\RmlUi\Source\Core\FontEffect.cpp">
      <Filter>Source Files</Filter>
    </ClCompile>
    <ClCompile Include="E:\GitHub\RmlUi\Source\Core\FontEffectBlur.cpp">
      <Filter>Source Files</Filter>
    </ClCompile>
    <ClCompile Include="E:\GitHub\RmlUi\Source\Core\FontEffectGlow.cpp">
      <Filter>Source Files</Filter>
    </ClCompile>
    <ClCompile Include="E:\GitHub\RmlUi\Source\Core\FontEffectInstancer.cpp">
      <Filter>Source Files</Filter>
    </ClCompile>
    <ClCompile Include="E:\GitHub\RmlUi\Source\Core\FontEffectOutline.cpp">
      <Filter>Source Files</Filter>
    </ClCompile>
    <ClCompile Include="E:\GitHub\RmlUi\Source\Core\FontEffectShadow.cpp">
      <Filter>Source Files</Filter>
    </ClCompile>
    <ClCompile Include="E:\GitHub\RmlUi\Source\Core\FontEngineInterface.cpp">
      <Filter>Source Files</Filter>
    </ClCompile>
    <ClCompile Include="E:\GitHub\RmlUi\Source\Core\Geometry.cpp">
      <Filter>Source Files</Filter>
    </ClCompile>
    <ClCompile Include="E:\GitHub\RmlUi\Source\Core\GeometryBackgroundBorder.cpp">
      <Filter>Source Files</Filter>
    </ClCompile>
    <ClCompile Include="E:\GitHub\RmlUi\Source\Core\GeometryDatabase.cpp">
      <Filter>Source Files</Filter>
    </ClCompile>
    <ClCompile Include="E:\GitHub\RmlUi\Source\Core\GeometryUtilities.cpp">
      <Filter>Source Files</Filter>
    </ClCompile>
    <ClCompile Include="E:\GitHub\RmlUi\Source\Core\LayoutBlockBox.cpp">
      <Filter>Source Files</Filter>
    </ClCompile>
    <ClCompile Include="E:\GitHub\RmlUi\Source\Core\LayoutBlockBoxSpace.cpp">
      <Filter>Source Files</Filter>
    </ClCompile>
    <ClCompile Include="E:\GitHub\RmlUi\Source\Core\LayoutDetails.cpp">
      <Filter>Source Files</Filter>
    </ClCompile>
    <ClCompile Include="E:\GitHub\RmlUi\Source\Core\LayoutEngine.cpp">
      <Filter>Source Files</Filter>
    </ClCompile>
    <ClCompile Include="E:\GitHub\RmlUi\Source\Core\LayoutInlineBox.cpp">
      <Filter>Source Files</Filter>
    </ClCompile>
    <ClCompile Include="E:\GitHub\RmlUi\Source\Core\LayoutInlineBoxText.cpp">
      <Filter>Source Files</Filter>
    </ClCompile>
    <ClCompile Include="E:\GitHub\RmlUi\Source\Core\LayoutLineBox.cpp">
      <Filter>Source Files</Filter>
    </ClCompile>
    <ClCompile Include="E:\GitHub\RmlUi\Source\Core\LayoutTable.cpp">
      <Filter>Source Files</Filter>
    </ClCompile>
    <ClCompile Include="E:\GitHub\RmlUi\Source\Core\LayoutTableDetails.cpp">
      <Filter>Source Files</Filter>
    </ClCompile>
    <ClCompile Include="E:\GitHub\RmlUi\Source\Core\Log.cpp">
      <Filter>Source Files</Filter>
    </ClCompile>
    <ClCompile Include="E:\GitHub\RmlUi\Source\Core\Math.cpp">
      <Filter>Source Files</Filter>
    </ClCompile>
    <ClCompile Include="E:\GitHub\RmlUi\Source\Core\Memory.cpp">
      <Filter>Source Files</Filter>
    </ClCompile>
    <ClCompile Include="E:\GitHub\RmlUi\Source\Core\ObserverPtr.cpp">
      <Filter>Source Files</Filter>
    </ClCompile>
    <ClCompile Include="E:\GitHub\RmlUi\Source\Core\Plugin.cpp">
      <Filter>Source Files</Filter>
    </ClCompile>
    <ClCompile Include="E:\GitHub\RmlUi\Source\Core\PluginRegistry.cpp">
      <Filter>Source Files</Filter>
    </ClCompile>
    <ClCompile Include="E:\GitHub\RmlUi\Source\Core\Profiling.cpp">
      <Filter>Source Files</Filter>
    </ClCompile>
    <ClCompile Include="E:\GitHub\RmlUi\Source\Core\PropertiesIteratorView.cpp">
      <Filter>Source Files</Filter>
    </ClCompile>
    <ClCompile Include="E:\GitHub\RmlUi\Source\Core\Property.cpp">
      <Filter>Source Files</Filter>
    </ClCompile>
    <ClCompile Include="E:\GitHub\RmlUi\Source\Core\PropertyDefinition.cpp">
      <Filter>Source Files</Filter>
    </ClCompile>
    <ClCompile Include="E:\GitHub\RmlUi\Source\Core\PropertyDictionary.cpp">
      <Filter>Source Files</Filter>
    </ClCompile>
    <ClCompile Include="E:\GitHub\RmlUi\Source\Core\PropertyParserAnimation.cpp">
      <Filter>Source Files</Filter>
    </ClCompile>
    <ClCompile Include="E:\GitHub\RmlUi\Source\Core\PropertyParserColour.cpp">
      <Filter>Source Files</Filter>
    </ClCompile>
    <ClCompile Include="E:\GitHub\RmlUi\Source\Core\PropertyParserDecorator.cpp">
      <Filter>Source Files</Filter>
    </ClCompile>
    <ClCompile Include="E:\GitHub\RmlUi\Source\Core\PropertyParserFontEffect.cpp">
      <Filter>Source Files</Filter>
    </ClCompile>
    <ClCompile Include="E:\GitHub\RmlUi\Source\Core\PropertyParserKeyword.cpp">
      <Filter>Source Files</Filter>
    </ClCompile>
    <ClCompile Include="E:\GitHub\RmlUi\Source\Core\PropertyParserNumber.cpp">
      <Filter>Source Files</Filter>
    </ClCompile>
    <ClCompile Include="E:\GitHub\RmlUi\Source\Core\PropertyParserRatio.cpp">
      <Filter>Source Files</Filter>
    </ClCompile>
    <ClCompile Include="E:\GitHub\RmlUi\Source\Core\PropertyParserString.cpp">
      <Filter>Source Files</Filter>
    </ClCompile>
    <ClCompile Include="E:\GitHub\RmlUi\Source\Core\PropertyParserTransform.cpp">
      <Filter>Source Files</Filter>
    </ClCompile>
    <ClCompile Include="E:\GitHub\RmlUi\Source\Core\PropertySpecification.cpp">
      <Filter>Source Files</Filter>
    </ClCompile>
    <ClCompile Include="E:\GitHub\RmlUi\Source\Core\RenderInterface.cpp">
      <Filter>Source Files</Filter>
    </ClCompile>
    <ClCompile Include="E:\GitHub\RmlUi\Source\Core\Spritesheet.cpp">
      <Filter>Source Files</Filter>
    </ClCompile>
    <ClCompile Include="E:\GitHub\RmlUi\Source\Core\Stream.cpp">
      <Filter>Source Files</Filter>
    </ClCompile>
    <ClCompile Include="E:\GitHub\RmlUi\Source\Core\StreamFile.cpp">
      <Filter>Source Files</Filter>
    </ClCompile>
    <ClCompile Include="E:\GitHub\RmlUi\Source\Core\StreamMemory.cpp">
      <Filter>Source Files</Filter>
    </ClCompile>
    <ClCompile Include="E:\GitHub\RmlUi\Source\Core\StringUtilities.cpp">
      <Filter>Source Files</Filter>
    </ClCompile>
    <ClCompile Include="E:\GitHub\RmlUi\Source\Core\StyleSheet.cpp">
      <Filter>Source Files</Filter>
    </ClCompile>
    <ClCompile Include="E:\GitHub\RmlUi\Source\Core\StyleSheetContainer.cpp">
      <Filter>Source Files</Filter>
    </ClCompile>
    <ClCompile Include="E:\GitHub\RmlUi\Source\Core\StyleSheetFactory.cpp">
      <Filter>Source Files</Filter>
    </ClCompile>
    <ClCompile Include="E:\GitHub\RmlUi\Source\Core\StyleSheetNode.cpp">
      <Filter>Source Files</Filter>
    </ClCompile>
    <ClCompile Include="E:\GitHub\RmlUi\Source\Core\StyleSheetNodeSelector.cpp">
      <Filter>Source Files</Filter>
    </ClCompile>
    <ClCompile Include="E:\GitHub\RmlUi\Source\Core\StyleSheetNodeSelectorEmpty.cpp">
      <Filter>Source Files</Filter>
    </ClCompile>
    <ClCompile Include="E:\GitHub\RmlUi\Source\Core\StyleSheetNodeSelectorFirstChild.cpp">
      <Filter>Source Files</Filter>
    </ClCompile>
    <ClCompile Include="E:\GitHub\RmlUi\Source\Core\StyleSheetNodeSelectorFirstOfType.cpp">
      <Filter>Source Files</Filter>
    </ClCompile>
    <ClCompile Include="E:\GitHub\RmlUi\Source\Core\StyleSheetNodeSelectorLastChild.cpp">
      <Filter>Source Files</Filter>
    </ClCompile>
    <ClCompile Include="E:\GitHub\RmlUi\Source\Core\StyleSheetNodeSelectorLastOfType.cpp">
      <Filter>Source Files</Filter>
    </ClCompile>
    <ClCompile Include="E:\GitHub\RmlUi\Source\Core\StyleSheetNodeSelectorNthChild.cpp">
      <Filter>Source Files</Filter>
    </ClCompile>
    <ClCompile Include="E:\GitHub\RmlUi\Source\Core\StyleSheetNodeSelectorNthLastChild.cpp">
      <Filter>Source Files</Filter>
    </ClCompile>
    <ClCompile Include="E:\GitHub\RmlUi\Source\Core\StyleSheetNodeSelectorNthLastOfType.cpp">
      <Filter>Source Files</Filter>
    </ClCompile>
    <ClCompile Include="E:\GitHub\RmlUi\Source\Core\StyleSheetNodeSelectorNthOfType.cpp">
      <Filter>Source Files</Filter>
    </ClCompile>
    <ClCompile Include="E:\GitHub\RmlUi\Source\Core\StyleSheetNodeSelectorOnlyChild.cpp">
      <Filter>Source Files</Filter>
    </ClCompile>
    <ClCompile Include="E:\GitHub\RmlUi\Source\Core\StyleSheetNodeSelectorOnlyOfType.cpp">
      <Filter>Source Files</Filter>
    </ClCompile>
    <ClCompile Include="E:\GitHub\RmlUi\Source\Core\StyleSheetParser.cpp">
      <Filter>Source Files</Filter>
    </ClCompile>
    <ClCompile Include="E:\GitHub\RmlUi\Source\Core\StyleSheetSpecification.cpp">
      <Filter>Source Files</Filter>
    </ClCompile>
    <ClCompile Include="E:\GitHub\RmlUi\Source\Core\SystemInterface.cpp">
      <Filter>Source Files</Filter>
    </ClCompile>
    <ClCompile Include="E:\GitHub\RmlUi\Source\Core\Template.cpp">
      <Filter>Source Files</Filter>
    </ClCompile>
    <ClCompile Include="E:\GitHub\RmlUi\Source\Core\TemplateCache.cpp">
      <Filter>Source Files</Filter>
    </ClCompile>
    <ClCompile Include="E:\GitHub\RmlUi\Source\Core\Texture.cpp">
      <Filter>Source Files</Filter>
    </ClCompile>
    <ClCompile Include="E:\GitHub\RmlUi\Source\Core\TextureDatabase.cpp">
      <Filter>Source Files</Filter>
    </ClCompile>
    <ClCompile Include="E:\GitHub\RmlUi\Source\Core\TextureLayout.cpp">
      <Filter>Source Files</Filter>
    </ClCompile>
    <ClCompile Include="E:\GitHub\RmlUi\Source\Core\TextureLayoutRectangle.cpp">
      <Filter>Source Files</Filter>
    </ClCompile>
    <ClCompile Include="E:\GitHub\RmlUi\Source\Core\TextureLayoutRow.cpp">
      <Filter>Source Files</Filter>
    </ClCompile>
    <ClCompile Include="E:\GitHub\RmlUi\Source\Core\TextureLayoutTexture.cpp">
      <Filter>Source Files</Filter>
    </ClCompile>
    <ClCompile Include="E:\GitHub\RmlUi\Source\Core\TextureResource.cpp">
      <Filter>Source Files</Filter>
    </ClCompile>
    <ClCompile Include="E:\GitHub\RmlUi\Source\Core\Transform.cpp">
      <Filter>Source Files</Filter>
    </ClCompile>
    <ClCompile Include="E:\GitHub\RmlUi\Source\Core\TransformPrimitive.cpp">
      <Filter>Source Files</Filter>
    </ClCompile>
    <ClCompile Include="E:\GitHub\RmlUi\Source\Core\TransformState.cpp">
      <Filter>Source Files</Filter>
    </ClCompile>
    <ClCompile Include="E:\GitHub\RmlUi\Source\Core\TransformUtilities.cpp">
      <Filter>Source Files</Filter>
    </ClCompile>
    <ClCompile Include="E:\GitHub\RmlUi\Source\Core\Tween.cpp">
      <Filter>Source Files</Filter>
    </ClCompile>
    <ClCompile Include="E:\GitHub\RmlUi\Source\Core\TypeConverter.cpp">
      <Filter>Source Files</Filter>
    </ClCompile>
    <ClCompile Include="E:\GitHub\RmlUi\Source\Core\URL.cpp">
      <Filter>Source Files</Filter>
    </ClCompile>
    <ClCompile Include="E:\GitHub\RmlUi\Source\Core\Variant.cpp">
      <Filter>Source Files</Filter>
    </ClCompile>
    <ClCompile Include="E:\GitHub\RmlUi\Source\Core\WidgetScroll.cpp">
      <Filter>Source Files</Filter>
    </ClCompile>
    <ClCompile Include="E:\GitHub\RmlUi\Source\Core\XMLNodeHandler.cpp">
      <Filter>Source Files</Filter>
    </ClCompile>
    <ClCompile Include="E:\GitHub\RmlUi\Source\Core\XMLNodeHandlerBody.cpp">
      <Filter>Source Files</Filter>
    </ClCompile>
    <ClCompile Include="E:\GitHub\RmlUi\Source\Core\XMLNodeHandlerDefault.cpp">
      <Filter>Source Files</Filter>
    </ClCompile>
    <ClCompile Include="E:\GitHub\RmlUi\Source\Core\XMLNodeHandlerHead.cpp">
      <Filter>Source Files</Filter>
    </ClCompile>
    <ClCompile Include="E:\GitHub\RmlUi\Source\Core\XMLNodeHandlerTemplate.cpp">
      <Filter>Source Files</Filter>
    </ClCompile>
    <ClCompile Include="E:\GitHub\RmlUi\Source\Core\XMLParser.cpp">
      <Filter>Source Files</Filter>
    </ClCompile>
    <ClCompile Include="E:\GitHub\RmlUi\Source\Core\XMLParseTools.cpp">
      <Filter>Source Files</Filter>
    </ClCompile>
    <ClCompile Include="E:\GitHub\RmlUi\Source\Core\FontEngineDefault\FontEngineInterfaceDefault.cpp">
      <Filter>Source Files</Filter>
    </ClCompile>
    <ClCompile Include="E:\GitHub\RmlUi\Source\Core\FontEngineDefault\FontFace.cpp">
      <Filter>Source Files</Filter>
    </ClCompile>
    <ClCompile Include="E:\GitHub\RmlUi\Source\Core\FontEngineDefault\FontFaceHandleDefault.cpp">
      <Filter>Source Files</Filter>
    </ClCompile>
    <ClCompile Include="E:\GitHub\RmlUi\Source\Core\FontEngineDefault\FontFaceLayer.cpp">
      <Filter>Source Files</Filter>
    </ClCompile>
    <ClCompile Include="E:\GitHub\RmlUi\Source\Core\FontEngineDefault\FontFamily.cpp">
      <Filter>Source Files</Filter>
    </ClCompile>
    <ClCompile Include="E:\GitHub\RmlUi\Source\Core\FontEngineDefault\FontProvider.cpp">
      <Filter>Source Files</Filter>
    </ClCompile>
    <ClCompile Include="E:\GitHub\RmlUi\Source\Core\FontEngineDefault\FreeTypeInterface.cpp">
      <Filter>Source Files</Filter>
    </ClCompile>
  </ItemGroup>
  <ItemGroup>
    <ClInclude Include="E:\GitHub\RmlUi\Source\Core\Clock.h">
      <Filter>Header Files</Filter>
    </ClInclude>
    <ClInclude Include="E:\GitHub\RmlUi\Source\Core\ComputeProperty.h">
      <Filter>Header Files</Filter>
    </ClInclude>
    <ClInclude Include="E:\GitHub\RmlUi\Source\Core\ContextInstancerDefault.h">
      <Filter>Header Files</Filter>
    </ClInclude>
    <ClInclude Include="E:\GitHub\RmlUi\Source\Core\DataController.h">
      <Filter>Header Files</Filter>
    </ClInclude>
    <ClInclude Include="E:\GitHub\RmlUi\Source\Core\DataControllerDefault.h">
      <Filter>Header Files</Filter>
    </ClInclude>
    <ClInclude Include="E:\GitHub\RmlUi\Source\Core\DataExpression.h">
      <Filter>Header Files</Filter>
    </ClInclude>
    <ClInclude Include="E:\GitHub\RmlUi\Source\Core\DataModel.h">
      <Filter>Header Files</Filter>
    </ClInclude>
    <ClInclude Include="E:\GitHub\RmlUi\Source\Core\DataView.h">
      <Filter>Header Files</Filter>
    </ClInclude>
    <ClInclude Include="E:\GitHub\RmlUi\Source\Core\DataViewDefault.h">
      <Filter>Header Files</Filter>
    </ClInclude>
    <ClInclude Include="E:\GitHub\RmlUi\Source\Core\DecoratorGradient.h">
      <Filter>Header Files</Filter>
    </ClInclude>
    <ClInclude Include="E:\GitHub\RmlUi\Source\Core\DecoratorNinePatch.h">
      <Filter>Header Files</Filter>
    </ClInclude>
    <ClInclude Include="E:\GitHub\RmlUi\Source\Core\DecoratorTiled.h">
      <Filter>Header Files</Filter>
    </ClInclude>
    <ClInclude Include="E:\GitHub\RmlUi\Source\Core\DecoratorTiledBox.h">
      <Filter>Header Files</Filter>
    </ClInclude>
    <ClInclude Include="E:\GitHub\RmlUi\Source\Core\DecoratorTiledBoxInstancer.h">
      <Filter>Header Files</Filter>
    </ClInclude>
    <ClInclude Include="E:\GitHub\RmlUi\Source\Core\DecoratorTiledHorizontal.h">
      <Filter>Header Files</Filter>
    </ClInclude>
    <ClInclude Include="E:\GitHub\RmlUi\Source\Core\DecoratorTiledHorizontalInstancer.h">
      <Filter>Header Files</Filter>
    </ClInclude>
    <ClInclude Include="E:\GitHub\RmlUi\Source\Core\DecoratorTiledImage.h">
      <Filter>Header Files</Filter>
    </ClInclude>
    <ClInclude Include="E:\GitHub\RmlUi\Source\Core\DecoratorTiledImageInstancer.h">
      <Filter>Header Files</Filter>
    </ClInclude>
    <ClInclude Include="E:\GitHub\RmlUi\Source\Core\DecoratorTiledInstancer.h">
      <Filter>Header Files</Filter>
    </ClInclude>
    <ClInclude Include="E:\GitHub\RmlUi\Source\Core\DecoratorTiledVertical.h">
      <Filter>Header Files</Filter>
    </ClInclude>
    <ClInclude Include="E:\GitHub\RmlUi\Source\Core\DecoratorTiledVerticalInstancer.h">
      <Filter>Header Files</Filter>
    </ClInclude>
    <ClInclude Include="E:\GitHub\RmlUi\Source\Core\DocumentHeader.h">
      <Filter>Header Files</Filter>
    </ClInclude>
    <ClInclude Include="E:\GitHub\RmlUi\Source\Core\ElementAnimation.h">
      <Filter>Header Files</Filter>
    </ClInclude>
    <ClInclude Include="E:\GitHub\RmlUi\Source\Core\ElementBackgroundBorder.h">
      <Filter>Header Files</Filter>
    </ClInclude>
    <ClInclude Include="E:\GitHub\RmlUi\Source\Core\ElementDecoration.h">
      <Filter>Header Files</Filter>
    </ClInclude>
    <ClInclude Include="E:\GitHub\RmlUi\Source\Core\ElementDefinition.h">
      <Filter>Header Files</Filter>
    </ClInclude>
    <ClInclude Include="E:\GitHub\RmlUi\Source\Core\ElementHandle.h">
      <Filter>Header Files</Filter>
    </ClInclude>
    <ClInclude Include="E:\GitHub\RmlUi\Source\Core\Elements\ElementImage.h">
      <Filter>Header Files</Filter>
    </ClInclude>
    <ClInclude Include="E:\GitHub\RmlUi\Source\Core\Elements\ElementLabel.h">
      <Filter>Header Files</Filter>
    </ClInclude>
    <ClInclude Include="E:\GitHub\RmlUi\Source\Core\Elements\ElementTextSelection.h">
      <Filter>Header Files</Filter>
    </ClInclude>
    <ClInclude Include="E:\GitHub\RmlUi\Source\Core\Elements\InputType.h">
      <Filter>Header Files</Filter>
    </ClInclude>
    <ClInclude Include="E:\GitHub\RmlUi\Source\Core\Elements\InputTypeButton.h">
      <Filter>Header Files</Filter>
    </ClInclude>
    <ClInclude Include="E:\GitHub\RmlUi\Source\Core\Elements\InputTypeCheckbox.h">
      <Filter>Header Files</Filter>
    </ClInclude>
    <ClInclude Include="E:\GitHub\RmlUi\Source\Core\Elements\InputTypeRadio.h">
      <Filter>Header Files</Filter>
    </ClInclude>
    <ClInclude Include="E:\GitHub\RmlUi\Source\Core\Elements\InputTypeRange.h">
      <Filter>Header Files</Filter>
    </ClInclude>
    <ClInclude Include="E:\GitHub\RmlUi\Source\Core\Elements\InputTypeSubmit.h">
      <Filter>Header Files</Filter>
    </ClInclude>
    <ClInclude Include="E:\GitHub\RmlUi\Source\Core\Elements\InputTypeText.h">
      <Filter>Header Files</Filter>
    </ClInclude>
    <ClInclude Include="E:\GitHub\RmlUi\Source\Core\Elements\WidgetDropDown.h">
      <Filter>Header Files</Filter>
    </ClInclude>
    <ClInclude Include="E:\GitHub\RmlUi\Source\Core\Elements\WidgetSlider.h">
      <Filter>Header Files</Filter>
    </ClInclude>
    <ClInclude Include="E:\GitHub\RmlUi\Source\Core\Elements\WidgetTextInput.h">
      <Filter>Header Files</Filter>
    </ClInclude>
    <ClInclude Include="E:\GitHub\RmlUi\Source\Core\Elements\WidgetTextInputMultiLine.h">
      <Filter>Header Files</Filter>
    </ClInclude>
    <ClInclude Include="E:\GitHub\RmlUi\Source\Core\Elements\WidgetTextInputSingleLine.h">
      <Filter>Header Files</Filter>
    </ClInclude>
    <ClInclude Include="E:\GitHub\RmlUi\Source\Core\Elements\WidgetTextInputSingleLinePassword.h">
      <Filter>Header Files</Filter>
    </ClInclude>
    <ClInclude Include="E:\GitHub\RmlUi\Source\Core\Elements\XMLNodeHandlerDataGrid.h">
      <Filter>Header Files</Filter>
    </ClInclude>
    <ClInclude Include="E:\GitHub\RmlUi\Source\Core\Elements\XMLNodeHandlerSelect.h">
      <Filter>Header Files</Filter>
    </ClInclude>
    <ClInclude Include="E:\GitHub\RmlUi\Source\Core\Elements\XMLNodeHandlerTabSet.h">
      <Filter>Header Files</Filter>
    </ClInclude>
    <ClInclude Include="E:\GitHub\RmlUi\Source\Core\Elements\XMLNodeHandlerTextArea.h">
      <Filter>Header Files</Filter>
    </ClInclude>
    <ClInclude Include="E:\GitHub\RmlUi\Source\Core\ElementStyle.h">
      <Filter>Header Files</Filter>
    </ClInclude>
    <ClInclude Include="E:\GitHub\RmlUi\Source\Core\EventDispatcher.h">
      <Filter>Header Files</Filter>
    </ClInclude>
    <ClInclude Include="E:\GitHub\RmlUi\Source\Core\EventInstancerDefault.h">
      <Filter>Header Files</Filter>
    </ClInclude>
    <ClInclude Include="E:\GitHub\RmlUi\Source\Core\EventSpecification.h">
      <Filter>Header Files</Filter>
    </ClInclude>
    <ClInclude Include="E:\GitHub\RmlUi\Source\Core\FileInterfaceDefault.h">
      <Filter>Header Files</Filter>
    </ClInclude>
    <ClInclude Include="E:\GitHub\RmlUi\Source\Core\FontEffectBlur.h">
      <Filter>Header Files</Filter>
    </ClInclude>
    <ClInclude Include="E:\GitHub\RmlUi\Source\Core\FontEffectGlow.h">
      <Filter>Header Files</Filter>
    </ClInclude>
    <ClInclude Include="E:\GitHub\RmlUi\Source\Core\FontEffectOutline.h">
      <Filter>Header Files</Filter>
    </ClInclude>
    <ClInclude Include="E:\GitHub\RmlUi\Source\Core\FontEffectShadow.h">
      <Filter>Header Files</Filter>
    </ClInclude>
    <ClInclude Include="E:\GitHub\RmlUi\Source\Core\GeometryBackgroundBorder.h">
      <Filter>Header Files</Filter>
    </ClInclude>
    <ClInclude Include="E:\GitHub\RmlUi\Source\Core\GeometryDatabase.h">
      <Filter>Header Files</Filter>
    </ClInclude>
    <ClInclude Include="E:\GitHub\RmlUi\Source\Core\IdNameMap.h">
      <Filter>Header Files</Filter>
    </ClInclude>
    <ClInclude Include="E:\GitHub\RmlUi\Source\Core\LayoutBlockBox.h">
      <Filter>Header Files</Filter>
    </ClInclude>
    <ClInclude Include="E:\GitHub\RmlUi\Source\Core\LayoutBlockBoxSpace.h">
      <Filter>Header Files</Filter>
    </ClInclude>
    <ClInclude Include="E:\GitHub\RmlUi\Source\Core\LayoutDetails.h">
      <Filter>Header Files</Filter>
    </ClInclude>
    <ClInclude Include="E:\GitHub\RmlUi\Source\Core\LayoutEngine.h">
      <Filter>Header Files</Filter>
    </ClInclude>
    <ClInclude Include="E:\GitHub\RmlUi\Source\Core\LayoutInlineBox.h">
      <Filter>Header Files</Filter>
    </ClInclude>
    <ClInclude Include="E:\GitHub\RmlUi\Source\Core\LayoutInlineBoxText.h">
      <Filter>Header Files</Filter>
    </ClInclude>
    <ClInclude Include="E:\GitHub\RmlUi\Source\Core\LayoutLineBox.h">
      <Filter>Header Files</Filter>
    </ClInclude>
    <ClInclude Include="E:\GitHub\RmlUi\Source\Core\LayoutTable.h">
      <Filter>Header Files</Filter>
    </ClInclude>
    <ClInclude Include="E:\GitHub\RmlUi\Source\Core\LayoutTableDetails.h">
      <Filter>Header Files</Filter>
    </ClInclude>
    <ClInclude Include="E:\GitHub\RmlUi\Source\Core\Memory.h">
      <Filter>Header Files</Filter>
    </ClInclude>
    <ClInclude Include="E:\GitHub\RmlUi\Source\Core\PluginRegistry.h">
      <Filter>Header Files</Filter>
    </ClInclude>
    <ClInclude Include="E:\GitHub\RmlUi\Source\Core\Pool.h">
      <Filter>Header Files</Filter>
    </ClInclude>
    <ClInclude Include="E:\GitHub\RmlUi\Source\Core\precompiled.h">
      <Filter>Header Files</Filter>
    </ClInclude>
    <ClInclude Include="E:\GitHub\RmlUi\Source\Core\PropertiesIterator.h">
      <Filter>Header Files</Filter>
    </ClInclude>
    <ClInclude Include="E:\GitHub\RmlUi\Source\Core\PropertyParserAnimation.h">
      <Filter>Header Files</Filter>
    </ClInclude>
    <ClInclude Include="E:\GitHub\RmlUi\Source\Core\PropertyParserColour.h">
      <Filter>Header Files</Filter>
    </ClInclude>
    <ClInclude Include="E:\GitHub\RmlUi\Source\Core\PropertyParserDecorator.h">
      <Filter>Header Files</Filter>
    </ClInclude>
    <ClInclude Include="E:\GitHub\RmlUi\Source\Core\PropertyParserFontEffect.h">
      <Filter>Header Files</Filter>
    </ClInclude>
    <ClInclude Include="E:\GitHub\RmlUi\Source\Core\PropertyParserKeyword.h">
      <Filter>Header Files</Filter>
    </ClInclude>
    <ClInclude Include="E:\GitHub\RmlUi\Source\Core\PropertyParserNumber.h">
      <Filter>Header Files</Filter>
    </ClInclude>
    <ClInclude Include="E:\GitHub\RmlUi\Source\Core\PropertyParserRatio.h">
      <Filter>Header Files</Filter>
    </ClInclude>
    <ClInclude Include="E:\GitHub\RmlUi\Source\Core\PropertyParserString.h">
      <Filter>Header Files</Filter>
    </ClInclude>
    <ClInclude Include="E:\GitHub\RmlUi\Source\Core\PropertyParserTransform.h">
      <Filter>Header Files</Filter>
    </ClInclude>
    <ClInclude Include="E:\GitHub\RmlUi\Source\Core\PropertyShorthandDefinition.h">
      <Filter>Header Files</Filter>
    </ClInclude>
    <ClInclude Include="E:\GitHub\RmlUi\Source\Core\StreamFile.h">
      <Filter>Header Files</Filter>
    </ClInclude>
    <ClInclude Include="E:\GitHub\RmlUi\Source\Core\StyleSheetFactory.h">
      <Filter>Header Files</Filter>
    </ClInclude>
    <ClInclude Include="E:\GitHub\RmlUi\Source\Core\StyleSheetNode.h">
      <Filter>Header Files</Filter>
    </ClInclude>
    <ClInclude Include="E:\GitHub\RmlUi\Source\Core\StyleSheetNodeSelector.h">
      <Filter>Header Files</Filter>
    </ClInclude>
    <ClInclude Include="E:\GitHub\RmlUi\Source\Core\StyleSheetNodeSelectorEmpty.h">
      <Filter>Header Files</Filter>
    </ClInclude>
    <ClInclude Include="E:\GitHub\RmlUi\Source\Core\StyleSheetNodeSelectorFirstChild.h">
      <Filter>Header Files</Filter>
    </ClInclude>
    <ClInclude Include="E:\GitHub\RmlUi\Source\Core\StyleSheetNodeSelectorFirstOfType.h">
      <Filter>Header Files</Filter>
    </ClInclude>
    <ClInclude Include="E:\GitHub\RmlUi\Source\Core\StyleSheetNodeSelectorLastChild.h">
      <Filter>Header Files</Filter>
    </ClInclude>
    <ClInclude Include="E:\GitHub\RmlUi\Source\Core\StyleSheetNodeSelectorLastOfType.h">
      <Filter>Header Files</Filter>
    </ClInclude>
    <ClInclude Include="E:\GitHub\RmlUi\Source\Core\StyleSheetNodeSelectorNthChild.h">
      <Filter>Header Files</Filter>
    </ClInclude>
    <ClInclude Include="E:\GitHub\RmlUi\Source\Core\StyleSheetNodeSelectorNthLastChild.h">
      <Filter>Header Files</Filter>
    </ClInclude>
    <ClInclude Include="E:\GitHub\RmlUi\Source\Core\StyleSheetNodeSelectorNthLastOfType.h">
      <Filter>Header Files</Filter>
    </ClInclude>
    <ClInclude Include="E:\GitHub\RmlUi\Source\Core\StyleSheetNodeSelectorNthOfType.h">
      <Filter>Header Files</Filter>
    </ClInclude>
    <ClInclude Include="E:\GitHub\RmlUi\Source\Core\StyleSheetNodeSelectorOnlyChild.h">
      <Filter>Header Files</Filter>
    </ClInclude>
    <ClInclude Include="E:\GitHub\RmlUi\Source\Core\StyleSheetNodeSelectorOnlyOfType.h">
      <Filter>Header Files</Filter>
    </ClInclude>
    <ClInclude Include="E:\GitHub\RmlUi\Source\Core\StyleSheetParser.h">
      <Filter>Header Files</Filter>
    </ClInclude>
    <ClInclude Include="E:\GitHub\RmlUi\Source\Core\Template.h">
      <Filter>Header Files</Filter>
    </ClInclude>
    <ClInclude Include="E:\GitHub\RmlUi\Source\Core\TemplateCache.h">
      <Filter>Header Files</Filter>
    </ClInclude>
    <ClInclude Include="E:\GitHub\RmlUi\Source\Core\TextureDatabase.h">
      <Filter>Header Files</Filter>
    </ClInclude>
    <ClInclude Include="E:\GitHub\RmlUi\Source\Core\TextureLayout.h">
      <Filter>Header Files</Filter>
    </ClInclude>
    <ClInclude Include="E:\GitHub\RmlUi\Source\Core\TextureLayoutRectangle.h">
      <Filter>Header Files</Filter>
    </ClInclude>
    <ClInclude Include="E:\GitHub\RmlUi\Source\Core\TextureLayoutRow.h">
      <Filter>Header Files</Filter>
    </ClInclude>
    <ClInclude Include="E:\GitHub\RmlUi\Source\Core\TextureLayoutTexture.h">
      <Filter>Header Files</Filter>
    </ClInclude>
    <ClInclude Include="E:\GitHub\RmlUi\Source\Core\TextureResource.h">
      <Filter>Header Files</Filter>
    </ClInclude>
    <ClInclude Include="E:\GitHub\RmlUi\Source\Core\TransformState.h">
      <Filter>Header Files</Filter>
    </ClInclude>
    <ClInclude Include="E:\GitHub\RmlUi\Source\Core\TransformUtilities.h">
      <Filter>Header Files</Filter>
    </ClInclude>
    <ClInclude Include="E:\GitHub\RmlUi\Source\Core\Utilities.h">
      <Filter>Header Files</Filter>
    </ClInclude>
    <ClInclude Include="E:\GitHub\RmlUi\Source\Core\WidgetScroll.h">
      <Filter>Header Files</Filter>
    </ClInclude>
    <ClInclude Include="E:\GitHub\RmlUi\Source\Core\XMLNodeHandlerBody.h">
      <Filter>Header Files</Filter>
    </ClInclude>
    <ClInclude Include="E:\GitHub\RmlUi\Source\Core\XMLNodeHandlerDefault.h">
      <Filter>Header Files</Filter>
    </ClInclude>
    <ClInclude Include="E:\GitHub\RmlUi\Source\Core\XMLNodeHandlerHead.h">
      <Filter>Header Files</Filter>
    </ClInclude>
    <ClInclude Include="E:\GitHub\RmlUi\Source\Core\XMLNodeHandlerTemplate.h">
      <Filter>Header Files</Filter>
    </ClInclude>
    <ClInclude Include="E:\GitHub\RmlUi\Source\Core\XMLParseTools.h">
      <Filter>Header Files</Filter>
    </ClInclude>
    <ClInclude Include="E:\GitHub\RmlUi\Source\Core\FontEngineDefault\FontEngineInterfaceDefault.h">
      <Filter>Header Files</Filter>
    </ClInclude>
    <ClInclude Include="E:\GitHub\RmlUi\Source\Core\FontEngineDefault\FontFace.h">
      <Filter>Header Files</Filter>
    </ClInclude>
    <ClInclude Include="E:\GitHub\RmlUi\Source\Core\FontEngineDefault\FontFaceHandleDefault.h">
      <Filter>Header Files</Filter>
    </ClInclude>
    <ClInclude Include="E:\GitHub\RmlUi\Source\Core\FontEngineDefault\FontFaceLayer.h">
      <Filter>Header Files</Filter>
    </ClInclude>
    <ClInclude Include="E:\GitHub\RmlUi\Source\Core\FontEngineDefault\FontFamily.h">
      <Filter>Header Files</Filter>
    </ClInclude>
    <ClInclude Include="E:\GitHub\RmlUi\Source\Core\FontEngineDefault\FontProvider.h">
      <Filter>Header Files</Filter>
    </ClInclude>
    <ClInclude Include="E:\GitHub\RmlUi\Source\Core\FontEngineDefault\FontTypes.h">
      <Filter>Header Files</Filter>
    </ClInclude>
    <ClInclude Include="E:\GitHub\RmlUi\Source\Core\FontEngineDefault\FreeTypeInterface.h">
      <Filter>Header Files</Filter>
    </ClInclude>
    <ClInclude Include="E:\GitHub\RmlUi\Include\RmlUi\Config\Config.h">
      <Filter>Header Files</Filter>
    </ClInclude>
    <ClInclude Include="E:\GitHub\RmlUi\Include\RmlUi\Core\Animation.h">
      <Filter>Header Files</Filter>
    </ClInclude>
    <ClInclude Include="E:\GitHub\RmlUi\Include\RmlUi\Core\BaseXMLParser.h">
      <Filter>Header Files</Filter>
    </ClInclude>
    <ClInclude Include="E:\GitHub\RmlUi\Include\RmlUi\Core\Box.h">
      <Filter>Header Files</Filter>
    </ClInclude>
    <ClInclude Include="E:\GitHub\RmlUi\Include\RmlUi\Core\Colour.h">
      <Filter>Header Files</Filter>
    </ClInclude>
    <ClInclude Include="E:\GitHub\RmlUi\Include\RmlUi\Core\Colour.inl">
      <Filter>Header Files</Filter>
    </ClInclude>
    <ClInclude Include="E:\GitHub\RmlUi\Include\RmlUi\Core\ComputedValues.h">
      <Filter>Header Files</Filter>
    </ClInclude>
    <ClInclude Include="E:\GitHub\RmlUi\Include\RmlUi\Core\Containers\chobo\flat_map.hpp">
      <Filter>Header Files</Filter>
    </ClInclude>
    <ClInclude Include="E:\GitHub\RmlUi\Include\RmlUi\Core\Containers\chobo\flat_set.hpp">
      <Filter>Header Files</Filter>
    </ClInclude>
    <ClInclude Include="E:\GitHub\RmlUi\Include\RmlUi\Core\Containers\robin_hood.h">
      <Filter>Header Files</Filter>
    </ClInclude>
    <ClInclude Include="E:\GitHub\RmlUi\Include\RmlUi\Core\Context.h">
      <Filter>Header Files</Filter>
    </ClInclude>
    <ClInclude Include="E:\GitHub\RmlUi\Include\RmlUi\Core\ContextInstancer.h">
      <Filter>Header Files</Filter>
    </ClInclude>
    <ClInclude Include="E:\GitHub\RmlUi\Include\RmlUi\Core\ConvolutionFilter.h">
      <Filter>Header Files</Filter>
    </ClInclude>
    <ClInclude Include="E:\GitHub\RmlUi\Include\RmlUi\Core\Core.h">
      <Filter>Header Files</Filter>
    </ClInclude>
    <ClInclude Include="E:\GitHub\RmlUi\Include\RmlUi\Core\DataModelHandle.h">
      <Filter>Header Files</Filter>
    </ClInclude>
    <ClInclude Include="E:\GitHub\RmlUi\Include\RmlUi\Core\DataStructHandle.h">
      <Filter>Header Files</Filter>
    </ClInclude>
    <ClInclude Include="E:\GitHub\RmlUi\Include\RmlUi\Core\DataTypeRegister.h">
      <Filter>Header Files</Filter>
    </ClInclude>
    <ClInclude Include="E:\GitHub\RmlUi\Include\RmlUi\Core\DataTypes.h">
      <Filter>Header Files</Filter>
    </ClInclude>
    <ClInclude Include="E:\GitHub\RmlUi\Include\RmlUi\Core\DataVariable.h">
      <Filter>Header Files</Filter>
    </ClInclude>
    <ClInclude Include="E:\GitHub\RmlUi\Include\RmlUi\Core\Debug.h">
      <Filter>Header Files</Filter>
    </ClInclude>
    <ClInclude Include="E:\GitHub\RmlUi\Include\RmlUi\Core\Decorator.h">
      <Filter>Header Files</Filter>
    </ClInclude>
    <ClInclude Include="E:\GitHub\RmlUi\Include\RmlUi\Core\DecoratorInstancer.h">
      <Filter>Header Files</Filter>
    </ClInclude>
    <ClInclude Include="E:\GitHub\RmlUi\Include\RmlUi\Core\Dictionary.h">
      <Filter>Header Files</Filter>
    </ClInclude>
    <ClInclude Include="E:\GitHub\RmlUi\Include\RmlUi\Core\Element.h">
      <Filter>Header Files</Filter>
    </ClInclude>
    <ClInclude Include="E:\GitHub\RmlUi\Include\RmlUi\Core\Element.inl">
      <Filter>Header Files</Filter>
    </ClInclude>
    <ClInclude Include="E:\GitHub\RmlUi\Include\RmlUi\Core\ElementDocument.h">
      <Filter>Header Files</Filter>
    </ClInclude>
    <ClInclude Include="E:\GitHub\RmlUi\Include\RmlUi\Core\ElementInstancer.h">
      <Filter>Header Files</Filter>
    </ClInclude>
    <ClInclude Include="E:\GitHub\RmlUi\Include\RmlUi\Core\Elements\DataFormatter.h">
      <Filter>Header Files</Filter>
    </ClInclude>
    <ClInclude Include="E:\GitHub\RmlUi\Include\RmlUi\Core\Elements\DataQuery.h">
      <Filter>Header Files</Filter>
    </ClInclude>
    <ClInclude Include="E:\GitHub\RmlUi\Include\RmlUi\Core\Elements\DataSource.h">
      <Filter>Header Files</Filter>
    </ClInclude>
    <ClInclude Include="E:\GitHub\RmlUi\Include\RmlUi\Core\Elements\DataSourceListener.h">
      <Filter>Header Files</Filter>
    </ClInclude>
    <ClInclude Include="E:\GitHub\RmlUi\Include\RmlUi\Core\Elements\ElementDataGrid.h">
      <Filter>Header Files</Filter>
    </ClInclude>
    <ClInclude Include="E:\GitHub\RmlUi\Include\RmlUi\Core\Elements\ElementDataGridCell.h">
      <Filter>Header Files</Filter>
    </ClInclude>
    <ClInclude Include="E:\GitHub\RmlUi\Include\RmlUi\Core\Elements\ElementDataGridExpandButton.h">
      <Filter>Header Files</Filter>
    </ClInclude>
    <ClInclude Include="E:\GitHub\RmlUi\Include\RmlUi\Core\Elements\ElementDataGridRow.h">
      <Filter>Header Files</Filter>
    </ClInclude>
    <ClInclude Include="E:\GitHub\RmlUi\Include\RmlUi\Core\Elements\ElementForm.h">
      <Filter>Header Files</Filter>
    </ClInclude>
    <ClInclude Include="E:\GitHub\RmlUi\Include\RmlUi\Core\Elements\ElementFormControl.h">
      <Filter>Header Files</Filter>
    </ClInclude>
    <ClInclude Include="E:\GitHub\RmlUi\Include\RmlUi\Core\Elements\ElementFormControlDataSelect.h">
      <Filter>Header Files</Filter>
    </ClInclude>
    <ClInclude Include="E:\GitHub\RmlUi\Include\RmlUi\Core\Elements\ElementFormControlInput.h">
      <Filter>Header Files</Filter>
    </ClInclude>
    <ClInclude Include="E:\GitHub\RmlUi\Include\RmlUi\Core\Elements\ElementFormControlSelect.h">
      <Filter>Header Files</Filter>
    </ClInclude>
    <ClInclude Include="E:\GitHub\RmlUi\Include\RmlUi\Core\Elements\ElementFormControlTextArea.h">
      <Filter>Header Files</Filter>
    </ClInclude>
    <ClInclude Include="E:\GitHub\RmlUi\Include\RmlUi\Core\Elements\ElementProgress.h">
      <Filter>Header Files</Filter>
    </ClInclude>
    <ClInclude Include="E:\GitHub\RmlUi\Include\RmlUi\Core\Elements\ElementTabSet.h">
      <Filter>Header Files</Filter>
    </ClInclude>
    <ClInclude Include="E:\GitHub\RmlUi\Include\RmlUi\Core\ElementScroll.h">
      <Filter>Header Files</Filter>
    </ClInclude>
    <ClInclude Include="E:\GitHub\RmlUi\Include\RmlUi\Core\ElementText.h">
      <Filter>Header Files</Filter>
    </ClInclude>
    <ClInclude Include="E:\GitHub\RmlUi\Include\RmlUi\Core\ElementUtilities.h">
      <Filter>Header Files</Filter>
    </ClInclude>
    <ClInclude Include="E:\GitHub\RmlUi\Include\RmlUi\Core\Event.h">
      <Filter>Header Files</Filter>
    </ClInclude>
    <ClInclude Include="E:\GitHub\RmlUi\Include\RmlUi\Core\EventInstancer.h">
      <Filter>Header Files</Filter>
    </ClInclude>
    <ClInclude Include="E:\GitHub\RmlUi\Include\RmlUi\Core\EventListener.h">
      <Filter>Header Files</Filter>
    </ClInclude>
    <ClInclude Include="E:\GitHub\RmlUi\Include\RmlUi\Core\EventListenerInstancer.h">
      <Filter>Header Files</Filter>
    </ClInclude>
    <ClInclude Include="E:\GitHub\RmlUi\Include\RmlUi\Core\Factory.h">
      <Filter>Header Files</Filter>
    </ClInclude>
    <ClInclude Include="E:\GitHub\RmlUi\Include\RmlUi\Core\FileInterface.h">
      <Filter>Header Files</Filter>
    </ClInclude>
    <ClInclude Include="E:\GitHub\RmlUi\Include\RmlUi\Core\FontEffect.h">
      <Filter>Header Files</Filter>
    </ClInclude>
    <ClInclude Include="E:\GitHub\RmlUi\Include\RmlUi\Core\FontEffectInstancer.h">
      <Filter>Header Files</Filter>
    </ClInclude>
    <ClInclude Include="E:\GitHub\RmlUi\Include\RmlUi\Core\FontEngineInterface.h">
      <Filter>Header Files</Filter>
    </ClInclude>
    <ClInclude Include="E:\GitHub\RmlUi\Include\RmlUi\Core\FontGlyph.h">
      <Filter>Header Files</Filter>
    </ClInclude>
    <ClInclude Include="E:\GitHub\RmlUi\Include\RmlUi\Core\Geometry.h">
      <Filter>Header Files</Filter>
    </ClInclude>
    <ClInclude Include="E:\GitHub\RmlUi\Include\RmlUi\Core\GeometryUtilities.h">
      <Filter>Header Files</Filter>
    </ClInclude>
    <ClInclude Include="E:\GitHub\RmlUi\Include\RmlUi\Core\Header.h">
      <Filter>Header Files</Filter>
    </ClInclude>
    <ClInclude Include="E:\GitHub\RmlUi\Include\RmlUi\Core\ID.h">
      <Filter>Header Files</Filter>
    </ClInclude>
    <ClInclude Include="E:\GitHub\RmlUi\Include\RmlUi\Core\Input.h">
      <Filter>Header Files</Filter>
    </ClInclude>
    <ClInclude Include="E:\GitHub\RmlUi\Include\RmlUi\Core\Log.h">
      <Filter>Header Files</Filter>
    </ClInclude>
    <ClInclude Include="E:\GitHub\RmlUi\Include\RmlUi\Core\Math.h">
      <Filter>Header Files</Filter>
    </ClInclude>
    <ClInclude Include="E:\GitHub\RmlUi\Include\RmlUi\Core\Matrix4.h">
      <Filter>Header Files</Filter>
    </ClInclude>
    <ClInclude Include="E:\GitHub\RmlUi\Include\RmlUi\Core\Matrix4.inl">
      <Filter>Header Files</Filter>
    </ClInclude>
    <ClInclude Include="E:\GitHub\RmlUi\Include\RmlUi\Core\ObserverPtr.h">
      <Filter>Header Files</Filter>
    </ClInclude>
    <ClInclude Include="E:\GitHub\RmlUi\Include\RmlUi\Core\Platform.h">
      <Filter>Header Files</Filter>
    </ClInclude>
    <ClInclude Include="E:\GitHub\RmlUi\Include\RmlUi\Core\Plugin.h">
      <Filter>Header Files</Filter>
    </ClInclude>
    <ClInclude Include="E:\GitHub\RmlUi\Include\RmlUi\Core\Profiling.h">
      <Filter>Header Files</Filter>
    </ClInclude>
    <ClInclude Include="E:\GitHub\RmlUi\Include\RmlUi\Core\PropertiesIteratorView.h">
      <Filter>Header Files</Filter>
    </ClInclude>
    <ClInclude Include="E:\GitHub\RmlUi\Include\RmlUi\Core\Property.h">
      <Filter>Header Files</Filter>
    </ClInclude>
    <ClInclude Include="E:\GitHub\RmlUi\Include\RmlUi\Core\PropertyDefinition.h">
      <Filter>Header Files</Filter>
    </ClInclude>
    <ClInclude Include="E:\GitHub\RmlUi\Include\RmlUi\Core\PropertyDictionary.h">
      <Filter>Header Files</Filter>
    </ClInclude>
    <ClInclude Include="E:\GitHub\RmlUi\Include\RmlUi\Core\PropertyIdSet.h">
      <Filter>Header Files</Filter>
    </ClInclude>
    <ClInclude Include="E:\GitHub\RmlUi\Include\RmlUi\Core\PropertyParser.h">
      <Filter>Header Files</Filter>
    </ClInclude>
    <ClInclude Include="E:\GitHub\RmlUi\Include\RmlUi\Core\PropertySpecification.h">
      <Filter>Header Files</Filter>
    </ClInclude>
    <ClInclude Include="E:\GitHub\RmlUi\Include\RmlUi\Core\RenderInterface.h">
      <Filter>Header Files</Filter>
    </ClInclude>
    <ClInclude Include="E:\GitHub\RmlUi\Include\RmlUi\Core\ScriptInterface.h">
      <Filter>Header Files</Filter>
    </ClInclude>
    <ClInclude Include="E:\GitHub\RmlUi\Include\RmlUi\Core\Spritesheet.h">
      <Filter>Header Files</Filter>
    </ClInclude>
    <ClInclude Include="E:\GitHub\RmlUi\Include\RmlUi\Core\Stream.h">
      <Filter>Header Files</Filter>
    </ClInclude>
    <ClInclude Include="E:\GitHub\RmlUi\Include\RmlUi\Core\StreamMemory.h">
      <Filter>Header Files</Filter>
    </ClInclude>
    <ClInclude Include="E:\GitHub\RmlUi\Include\RmlUi\Core\StringUtilities.h">
      <Filter>Header Files</Filter>
    </ClInclude>
    <ClInclude Include="E:\GitHub\RmlUi\Include\RmlUi\Core\StyleSheet.h">
      <Filter>Header Files</Filter>
    </ClInclude>
    <ClInclude Include="E:\GitHub\RmlUi\Include\RmlUi\Core\StyleSheetContainer.h">
      <Filter>Header Files</Filter>
    </ClInclude>
    <ClInclude Include="E:\GitHub\RmlUi\Include\RmlUi\Core\StyleSheetSpecification.h">
      <Filter>Header Files</Filter>
    </ClInclude>
    <ClInclude Include="E:\GitHub\RmlUi\Include\RmlUi\Core\StyleSheetTypes.h">
      <Filter>Header Files</Filter>
    </ClInclude>
    <ClInclude Include="E:\GitHub\RmlUi\Include\RmlUi\Core\SystemInterface.h">
      <Filter>Header Files</Filter>
    </ClInclude>
    <ClInclude Include="E:\GitHub\RmlUi\Include\RmlUi\Core\Texture.h">
      <Filter>Header Files</Filter>
    </ClInclude>
    <ClInclude Include="E:\GitHub\RmlUi\Include\RmlUi\Core\Traits.h">
      <Filter>Header Files</Filter>
    </ClInclude>
    <ClInclude Include="E:\GitHub\RmlUi\Include\RmlUi\Core\Transform.h">
      <Filter>Header Files</Filter>
    </ClInclude>
    <ClInclude Include="E:\GitHub\RmlUi\Include\RmlUi\Core\TransformPrimitive.h">
      <Filter>Header Files</Filter>
    </ClInclude>
    <ClInclude Include="E:\GitHub\RmlUi\Include\RmlUi\Core\Tween.h">
      <Filter>Header Files</Filter>
    </ClInclude>
    <ClInclude Include="E:\GitHub\RmlUi\Include\RmlUi\Core\TypeConverter.h">
      <Filter>Header Files</Filter>
    </ClInclude>
    <ClInclude Include="E:\GitHub\RmlUi\Include\RmlUi\Core\TypeConverter.inl">
      <Filter>Header Files</Filter>
    </ClInclude>
    <ClInclude Include="E:\GitHub\RmlUi\Include\RmlUi\Core\Types.h">
      <Filter>Header Files</Filter>
    </ClInclude>
    <ClInclude Include="E:\GitHub\RmlUi\Include\RmlUi\Core\URL.h">
      <Filter>Header Files</Filter>
    </ClInclude>
    <ClInclude Include="E:\GitHub\RmlUi\Include\RmlUi\Core\Variant.h">
      <Filter>Header Files</Filter>
    </ClInclude>
    <ClInclude Include="E:\GitHub\RmlUi\Include\RmlUi\Core\Variant.inl">
      <Filter>Header Files</Filter>
    </ClInclude>
    <ClInclude Include="E:\GitHub\RmlUi\Include\RmlUi\Core\Vector2.h">
      <Filter>Header Files</Filter>
    </ClInclude>
    <ClInclude Include="E:\GitHub\RmlUi\Include\RmlUi\Core\Vector2.inl">
      <Filter>Header Files</Filter>
    </ClInclude>
    <ClInclude Include="E:\GitHub\RmlUi\Include\RmlUi\Core\Vector3.h">
      <Filter>Header Files</Filter>
    </ClInclude>
    <ClInclude Include="E:\GitHub\RmlUi\Include\RmlUi\Core\Vector3.inl">
      <Filter>Header Files</Filter>
    </ClInclude>
    <ClInclude Include="E:\GitHub\RmlUi\Include\RmlUi\Core\Vector4.h">
      <Filter>Header Files</Filter>
    </ClInclude>
    <ClInclude Include="E:\GitHub\RmlUi\Include\RmlUi\Core\Vector4.inl">
      <Filter>Header Files</Filter>
    </ClInclude>
    <ClInclude Include="E:\GitHub\RmlUi\Include\RmlUi\Core\Vertex.h">
      <Filter>Header Files</Filter>
    </ClInclude>
    <ClInclude Include="E:\GitHub\RmlUi\Include\RmlUi\Core\XMLNodeHandler.h">
      <Filter>Header Files</Filter>
    </ClInclude>
    <ClInclude Include="E:\GitHub\RmlUi\Include\RmlUi\Core\XMLParser.h">
      <Filter>Header Files</Filter>
    </ClInclude>
    <ClInclude Include="E:\GitHub\RmlUi\Include\RmlUi\Core.h">
      <Filter>Header Files</Filter>
    </ClInclude>
    <ClInclude Include="E:\GitHub\RmlUi\vs\CMakeFiles\RmlCore.dir\Debug\cmake_pch.hxx">
      <Filter>Precompile Header File</Filter>
    </ClInclude>
    <ClInclude Include="E:\GitHub\RmlUi\vs\CMakeFiles\RmlCore.dir\Release\cmake_pch.hxx">
      <Filter>Precompile Header File</Filter>
    </ClInclude>
  </ItemGroup>
  <ItemGroup>
    <CustomBuild Include="E:\GitHub\RmlUi\CMakeLists.txt" />
  </ItemGroup>
  <ItemGroup>
    <Filter Include="Header Files">
      <UniqueIdentifier>{4D755DFC-8DA0-3842-9512-8B1A4913D4CE}</UniqueIdentifier>
    </Filter>
    <Filter Include="Precompile Header File">
      <UniqueIdentifier>{C31F5030-321C-3A82-9C3B-27D3F7E9BC95}</UniqueIdentifier>
    </Filter>
    <Filter Include="Source Files">
      <UniqueIdentifier>{8EB21CFE-33F2-3565-A0B5-790CB44DA232}</UniqueIdentifier>
    </Filter>
  </ItemGroup>
</Project>
