<?xml version="1.0" encoding="utf-8"?>
<Project ToolsVersion="15.0" xmlns="http://schemas.microsoft.com/developer/msbuild/2003">
  <ItemGroup>
    <ClCompile Include="E:\GitHub\RmlUi\Source\Debugger\Debugger.cpp">
      <Filter>Source Files</Filter>
    </ClCompile>
    <ClCompile Include="E:\GitHub\RmlUi\Source\Debugger\DebuggerPlugin.cpp">
      <Filter>Source Files</Filter>
    </ClCompile>
    <ClCompile Include="E:\GitHub\RmlUi\Source\Debugger\DebuggerSystemInterface.cpp">
      <Filter>Source Files</Filter>
    </ClCompile>
    <ClCompile Include="E:\GitHub\RmlUi\Source\Debugger\ElementContextHook.cpp">
      <Filter>Source Files</Filter>
    </ClCompile>
    <ClCompile Include="E:\GitHub\RmlUi\Source\Debugger\ElementInfo.cpp">
      <Filter>Source Files</Filter>
    </ClCompile>
    <ClCompile Include="E:\GitHub\RmlUi\Source\Debugger\ElementLog.cpp">
      <Filter>Source Files</Filter>
    </ClCompile>
    <ClCompile Include="E:\GitHub\RmlUi\Source\Debugger\Geometry.cpp">
      <Filter>Source Files</Filter>
    </ClCompile>
  </ItemGroup>
  <ItemGroup>
    <ClInclude Include="E:\GitHub\RmlUi\Source\Debugger\BeaconSource.h">
      <Filter>Header Files</Filter>
    </ClInclude>
    <ClInclude Include="E:\GitHub\RmlUi\Source\Debugger\CommonSource.h">
      <Filter>Header Files</Filter>
    </ClInclude>
    <ClInclude Include="E:\GitHub\RmlUi\Source\Debugger\DebuggerPlugin.h">
      <Filter>Header Files</Filter>
    </ClInclude>
    <ClInclude Include="E:\GitHub\RmlUi\Source\Debugger\DebuggerSystemInterface.h">
      <Filter>Header Files</Filter>
    </ClInclude>
    <ClInclude Include="E:\GitHub\RmlUi\Source\Debugger\ElementContextHook.h">
      <Filter>Header Files</Filter>
    </ClInclude>
    <ClInclude Include="E:\GitHub\RmlUi\Source\Debugger\ElementInfo.h">
      <Filter>Header Files</Filter>
    </ClInclude>
    <ClInclude Include="E:\GitHub\RmlUi\Source\Debugger\ElementLog.h">
      <Filter>Header Files</Filter>
    </ClInclude>
    <ClInclude Include="E:\GitHub\RmlUi\Source\Debugger\FontSource.h">
      <Filter>Header Files</Filter>
    </ClInclude>
    <ClInclude Include="E:\GitHub\RmlUi\Source\Debugger\Geometry.h">
      <Filter>Header Files</Filter>
    </ClInclude>
    <ClInclude Include="E:\GitHub\RmlUi\Source\Debugger\InfoSource.h">
      <Filter>Header Files</Filter>
    </ClInclude>
    <ClInclude Include="E:\GitHub\RmlUi\Source\Debugger\LogSource.h">
      <Filter>Header Files</Filter>
    </ClInclude>
    <ClInclude Include="E:\GitHub\RmlUi\Source\Debugger\MenuSource.h">
      <Filter>Header Files</Filter>
    </ClInclude>
    <ClInclude Include="E:\GitHub\RmlUi\Include\RmlUi\Debugger\Debugger.h">
      <Filter>Header Files</Filter>
    </ClInclude>
    <ClInclude Include="E:\GitHub\RmlUi\Include\RmlUi\Debugger\Header.h">
      <Filter>Header Files</Filter>
    </ClInclude>
    <ClInclude Include="E:\GitHub\RmlUi\Include\RmlUi\Debugger.h">
      <Filter>Header Files</Filter>
    </ClInclude>
  </ItemGroup>
  <ItemGroup>
    <CustomBuild Include="E:\GitHub\RmlUi\CMakeLists.txt" />
  </ItemGroup>
  <ItemGroup>
    <Filter Include="Header Files">
      <UniqueIdentifier>{4D755DFC-8DA0-3842-9512-8B1A4913D4CE}</UniqueIdentifier>
    </Filter>
    <Filter Include="Source Files">
      <UniqueIdentifier>{8EB21CFE-33F2-3565-A0B5-790CB44DA232}</UniqueIdentifier>
    </Filter>
  </ItemGroup>
</Project>
