
Microsoft Visual Studio Solution File, Format Version 12.00
# Visual Studio 15
Project("{8BC9CEB8-8B4A-11D0-8D11-00A0C91BC942}") = "ALL_BUILD", "ALL_BUILD.vcxproj", "{01767A3A-3F70-3EFE-AC8D-6734B2A566B2}"
	ProjectSection(ProjectDependencies) = postProject
		{D2753208-F0FA-3377-8086-EE8C39047F27} = {D2753208-F0FA-3377-8086-EE8C39047F27}
		{FC8DBADD-2997-318D-A762-4F04EA2F3712} = {FC8DBADD-2997-318D-A762-4F04EA2F3712}
		{546AA885-83F7-3A27-86E8-20484507AA4B} = {546AA885-83F7-3A27-86E8-20484507AA4B}
		{53C00E66-AEE7-338B-B8FE-D5E680F7F26A} = {53C00E66-AEE7-338B-B8FE-D5E680F7F26A}
		{98E30DC8-59E1-3751-99E1-770774E68B85} = {98E30DC8-59E1-3751-99E1-770774E68B85}
		{20634CCE-061A-3C10-BACE-A2C88873ACBC} = {20634CCE-061A-3C10-BACE-A2C88873ACBC}
		{073BAA57-73D2-3758-8907-FCA5ED3C9150} = {073BAA57-73D2-3758-8907-FCA5ED3C9150}
		{F8F380D5-4FB3-371E-9929-ACEA8F630F9C} = {F8F380D5-4FB3-371E-9929-ACEA8F630F9C}
		{F050748C-AA4E-33C4-BBF4-097131B61858} = {F050748C-AA4E-33C4-BBF4-097131B61858}
		{FB4464EF-5DE8-3587-8A5C-A645C683CA32} = {FB4464EF-5DE8-3587-8A5C-A645C683CA32}
		{FC7C2B32-9372-3668-9804-C781E3305F59} = {FC7C2B32-9372-3668-9804-C781E3305F59}
		{C8415ADA-8F17-35A0-BAD4-C60435A21E2D} = {C8415ADA-8F17-35A0-BAD4-C60435A21E2D}
		{A2640E71-A73D-3C5D-B9FD-5A5F84B14F7C} = {A2640E71-A73D-3C5D-B9FD-5A5F84B14F7C}
		{0009A308-2C13-339C-8226-6064290D3E61} = {0009A308-2C13-339C-8226-6064290D3E61}
		{9F45FB20-5E31-3A48-93F1-D3CF0B456DCD} = {9F45FB20-5E31-3A48-93F1-D3CF0B456DCD}
		{5E609919-F0AB-3D61-96D6-B237333D50A8} = {5E609919-F0AB-3D61-96D6-B237333D50A8}
		{0383155C-651A-3449-A3B5-4E0EB1C640F7} = {0383155C-651A-3449-A3B5-4E0EB1C640F7}
		{17CF5E52-3EEB-358D-AB75-C3B2C5AF2A9B} = {17CF5E52-3EEB-358D-AB75-C3B2C5AF2A9B}
		{D486464C-198C-3C9B-AF9E-8E2708C5D816} = {D486464C-198C-3C9B-AF9E-8E2708C5D816}
		{E2941D60-831A-38DD-9587-785BA32AE3BC} = {E2941D60-831A-38DD-9587-785BA32AE3BC}
		{0319881D-BC98-3907-9381-C932489EDE3F} = {0319881D-BC98-3907-9381-C932489EDE3F}
	EndProjectSection
EndProject
Project("{8BC9CEB8-8B4A-11D0-8D11-00A0C91BC942}") = "INSTALL", "INSTALL.vcxproj", "{53D24213-058D-30BF-87DD-CDEE3D98A831}"
	ProjectSection(ProjectDependencies) = postProject
		{01767A3A-3F70-3EFE-AC8D-6734B2A566B2} = {01767A3A-3F70-3EFE-AC8D-6734B2A566B2}
		{546AA885-83F7-3A27-86E8-20484507AA4B} = {546AA885-83F7-3A27-86E8-20484507AA4B}
	EndProjectSection
EndProject
Project("{8BC9CEB8-8B4A-11D0-8D11-00A0C91BC942}") = "RmlCore", "RmlCore.vcxproj", "{D2753208-F0FA-3377-8086-EE8C39047F27}"
	ProjectSection(ProjectDependencies) = postProject
		{546AA885-83F7-3A27-86E8-20484507AA4B} = {546AA885-83F7-3A27-86E8-20484507AA4B}
	EndProjectSection
EndProject
Project("{8BC9CEB8-8B4A-11D0-8D11-00A0C91BC942}") = "RmlDebugger", "RmlDebugger.vcxproj", "{FC8DBADD-2997-318D-A762-4F04EA2F3712}"
	ProjectSection(ProjectDependencies) = postProject
		{D2753208-F0FA-3377-8086-EE8C39047F27} = {D2753208-F0FA-3377-8086-EE8C39047F27}
		{546AA885-83F7-3A27-86E8-20484507AA4B} = {546AA885-83F7-3A27-86E8-20484507AA4B}
	EndProjectSection
EndProject
Project("{8BC9CEB8-8B4A-11D0-8D11-00A0C91BC942}") = "ZERO_CHECK", "ZERO_CHECK.vcxproj", "{546AA885-83F7-3A27-86E8-20484507AA4B}"
	ProjectSection(ProjectDependencies) = postProject
	EndProjectSection
EndProject
Project("{8BC9CEB8-8B4A-11D0-8D11-00A0C91BC942}") = "animation", "animation.vcxproj", "{53C00E66-AEE7-338B-B8FE-D5E680F7F26A}"
	ProjectSection(ProjectDependencies) = postProject
		{D2753208-F0FA-3377-8086-EE8C39047F27} = {D2753208-F0FA-3377-8086-EE8C39047F27}
		{FC8DBADD-2997-318D-A762-4F04EA2F3712} = {FC8DBADD-2997-318D-A762-4F04EA2F3712}
		{546AA885-83F7-3A27-86E8-20484507AA4B} = {546AA885-83F7-3A27-86E8-20484507AA4B}
		{9F45FB20-5E31-3A48-93F1-D3CF0B456DCD} = {9F45FB20-5E31-3A48-93F1-D3CF0B456DCD}
	EndProjectSection
EndProject
Project("{8BC9CEB8-8B4A-11D0-8D11-00A0C91BC942}") = "benchmark", "benchmark.vcxproj", "{98E30DC8-59E1-3751-99E1-770774E68B85}"
	ProjectSection(ProjectDependencies) = postProject
		{D2753208-F0FA-3377-8086-EE8C39047F27} = {D2753208-F0FA-3377-8086-EE8C39047F27}
		{FC8DBADD-2997-318D-A762-4F04EA2F3712} = {FC8DBADD-2997-318D-A762-4F04EA2F3712}
		{546AA885-83F7-3A27-86E8-20484507AA4B} = {546AA885-83F7-3A27-86E8-20484507AA4B}
		{9F45FB20-5E31-3A48-93F1-D3CF0B456DCD} = {9F45FB20-5E31-3A48-93F1-D3CF0B456DCD}
	EndProjectSection
EndProject
Project("{8BC9CEB8-8B4A-11D0-8D11-00A0C91BC942}") = "bitmapfont", "bitmapfont.vcxproj", "{20634CCE-061A-3C10-BACE-A2C88873ACBC}"
	ProjectSection(ProjectDependencies) = postProject
		{D2753208-F0FA-3377-8086-EE8C39047F27} = {D2753208-F0FA-3377-8086-EE8C39047F27}
		{FC8DBADD-2997-318D-A762-4F04EA2F3712} = {FC8DBADD-2997-318D-A762-4F04EA2F3712}
		{546AA885-83F7-3A27-86E8-20484507AA4B} = {546AA885-83F7-3A27-86E8-20484507AA4B}
		{9F45FB20-5E31-3A48-93F1-D3CF0B456DCD} = {9F45FB20-5E31-3A48-93F1-D3CF0B456DCD}
	EndProjectSection
EndProject
Project("{8BC9CEB8-8B4A-11D0-8D11-00A0C91BC942}") = "customlog", "customlog.vcxproj", "{073BAA57-73D2-3758-8907-FCA5ED3C9150}"
	ProjectSection(ProjectDependencies) = postProject
		{D2753208-F0FA-3377-8086-EE8C39047F27} = {D2753208-F0FA-3377-8086-EE8C39047F27}
		{FC8DBADD-2997-318D-A762-4F04EA2F3712} = {FC8DBADD-2997-318D-A762-4F04EA2F3712}
		{546AA885-83F7-3A27-86E8-20484507AA4B} = {546AA885-83F7-3A27-86E8-20484507AA4B}
		{9F45FB20-5E31-3A48-93F1-D3CF0B456DCD} = {9F45FB20-5E31-3A48-93F1-D3CF0B456DCD}
	EndProjectSection
EndProject
Project("{8BC9CEB8-8B4A-11D0-8D11-00A0C91BC942}") = "databinding", "databinding.vcxproj", "{F8F380D5-4FB3-371E-9929-ACEA8F630F9C}"
	ProjectSection(ProjectDependencies) = postProject
		{D2753208-F0FA-3377-8086-EE8C39047F27} = {D2753208-F0FA-3377-8086-EE8C39047F27}
		{FC8DBADD-2997-318D-A762-4F04EA2F3712} = {FC8DBADD-2997-318D-A762-4F04EA2F3712}
		{546AA885-83F7-3A27-86E8-20484507AA4B} = {546AA885-83F7-3A27-86E8-20484507AA4B}
		{9F45FB20-5E31-3A48-93F1-D3CF0B456DCD} = {9F45FB20-5E31-3A48-93F1-D3CF0B456DCD}
	EndProjectSection
EndProject
Project("{8BC9CEB8-8B4A-11D0-8D11-00A0C91BC942}") = "demo", "demo.vcxproj", "{F050748C-AA4E-33C4-BBF4-097131B61858}"
	ProjectSection(ProjectDependencies) = postProject
		{D2753208-F0FA-3377-8086-EE8C39047F27} = {D2753208-F0FA-3377-8086-EE8C39047F27}
		{FC8DBADD-2997-318D-A762-4F04EA2F3712} = {FC8DBADD-2997-318D-A762-4F04EA2F3712}
		{546AA885-83F7-3A27-86E8-20484507AA4B} = {546AA885-83F7-3A27-86E8-20484507AA4B}
		{9F45FB20-5E31-3A48-93F1-D3CF0B456DCD} = {9F45FB20-5E31-3A48-93F1-D3CF0B456DCD}
	EndProjectSection
EndProject
Project("{8BC9CEB8-8B4A-11D0-8D11-00A0C91BC942}") = "drag", "drag.vcxproj", "{FB4464EF-5DE8-3587-8A5C-A645C683CA32}"
	ProjectSection(ProjectDependencies) = postProject
		{D2753208-F0FA-3377-8086-EE8C39047F27} = {D2753208-F0FA-3377-8086-EE8C39047F27}
		{FC8DBADD-2997-318D-A762-4F04EA2F3712} = {FC8DBADD-2997-318D-A762-4F04EA2F3712}
		{546AA885-83F7-3A27-86E8-20484507AA4B} = {546AA885-83F7-3A27-86E8-20484507AA4B}
		{9F45FB20-5E31-3A48-93F1-D3CF0B456DCD} = {9F45FB20-5E31-3A48-93F1-D3CF0B456DCD}
	EndProjectSection
EndProject
Project("{8BC9CEB8-8B4A-11D0-8D11-00A0C91BC942}") = "invaders", "invaders.vcxproj", "{FC7C2B32-9372-3668-9804-C781E3305F59}"
	ProjectSection(ProjectDependencies) = postProject
		{D2753208-F0FA-3377-8086-EE8C39047F27} = {D2753208-F0FA-3377-8086-EE8C39047F27}
		{FC8DBADD-2997-318D-A762-4F04EA2F3712} = {FC8DBADD-2997-318D-A762-4F04EA2F3712}
		{546AA885-83F7-3A27-86E8-20484507AA4B} = {546AA885-83F7-3A27-86E8-20484507AA4B}
		{9F45FB20-5E31-3A48-93F1-D3CF0B456DCD} = {9F45FB20-5E31-3A48-93F1-D3CF0B456DCD}
	EndProjectSection
EndProject
Project("{8BC9CEB8-8B4A-11D0-8D11-00A0C91BC942}") = "loaddocument", "loaddocument.vcxproj", "{C8415ADA-8F17-35A0-BAD4-C60435A21E2D}"
	ProjectSection(ProjectDependencies) = postProject
		{D2753208-F0FA-3377-8086-EE8C39047F27} = {D2753208-F0FA-3377-8086-EE8C39047F27}
		{FC8DBADD-2997-318D-A762-4F04EA2F3712} = {FC8DBADD-2997-318D-A762-4F04EA2F3712}
		{546AA885-83F7-3A27-86E8-20484507AA4B} = {546AA885-83F7-3A27-86E8-20484507AA4B}
		{9F45FB20-5E31-3A48-93F1-D3CF0B456DCD} = {9F45FB20-5E31-3A48-93F1-D3CF0B456DCD}
	EndProjectSection
EndProject
Project("{8BC9CEB8-8B4A-11D0-8D11-00A0C91BC942}") = "sdl2", "sdl2.vcxproj", "{A2640E71-A73D-3C5D-B9FD-5A5F84B14F7C}"
	ProjectSection(ProjectDependencies) = postProject
		{D2753208-F0FA-3377-8086-EE8C39047F27} = {D2753208-F0FA-3377-8086-EE8C39047F27}
		{FC8DBADD-2997-318D-A762-4F04EA2F3712} = {FC8DBADD-2997-318D-A762-4F04EA2F3712}
		{546AA885-83F7-3A27-86E8-20484507AA4B} = {546AA885-83F7-3A27-86E8-20484507AA4B}
		{9F45FB20-5E31-3A48-93F1-D3CF0B456DCD} = {9F45FB20-5E31-3A48-93F1-D3CF0B456DCD}
	EndProjectSection
EndProject
Project("{8BC9CEB8-8B4A-11D0-8D11-00A0C91BC942}") = "sfml2", "sfml2.vcxproj", "{0009A308-2C13-339C-8226-6064290D3E61}"
	ProjectSection(ProjectDependencies) = postProject
		{D2753208-F0FA-3377-8086-EE8C39047F27} = {D2753208-F0FA-3377-8086-EE8C39047F27}
		{FC8DBADD-2997-318D-A762-4F04EA2F3712} = {FC8DBADD-2997-318D-A762-4F04EA2F3712}
		{546AA885-83F7-3A27-86E8-20484507AA4B} = {546AA885-83F7-3A27-86E8-20484507AA4B}
		{9F45FB20-5E31-3A48-93F1-D3CF0B456DCD} = {9F45FB20-5E31-3A48-93F1-D3CF0B456DCD}
	EndProjectSection
EndProject
Project("{8BC9CEB8-8B4A-11D0-8D11-00A0C91BC942}") = "shell", "shell.vcxproj", "{9F45FB20-5E31-3A48-93F1-D3CF0B456DCD}"
	ProjectSection(ProjectDependencies) = postProject
		{D2753208-F0FA-3377-8086-EE8C39047F27} = {D2753208-F0FA-3377-8086-EE8C39047F27}
		{546AA885-83F7-3A27-86E8-20484507AA4B} = {546AA885-83F7-3A27-86E8-20484507AA4B}
	EndProjectSection
EndProject
Project("{8BC9CEB8-8B4A-11D0-8D11-00A0C91BC942}") = "transform", "transform.vcxproj", "{5E609919-F0AB-3D61-96D6-B237333D50A8}"
	ProjectSection(ProjectDependencies) = postProject
		{D2753208-F0FA-3377-8086-EE8C39047F27} = {D2753208-F0FA-3377-8086-EE8C39047F27}
		{FC8DBADD-2997-318D-A762-4F04EA2F3712} = {FC8DBADD-2997-318D-A762-4F04EA2F3712}
		{546AA885-83F7-3A27-86E8-20484507AA4B} = {546AA885-83F7-3A27-86E8-20484507AA4B}
		{9F45FB20-5E31-3A48-93F1-D3CF0B456DCD} = {9F45FB20-5E31-3A48-93F1-D3CF0B456DCD}
	EndProjectSection
EndProject
Project("{8BC9CEB8-8B4A-11D0-8D11-00A0C91BC942}") = "treeview", "treeview.vcxproj", "{0383155C-651A-3449-A3B5-4E0EB1C640F7}"
	ProjectSection(ProjectDependencies) = postProject
		{D2753208-F0FA-3377-8086-EE8C39047F27} = {D2753208-F0FA-3377-8086-EE8C39047F27}
		{FC8DBADD-2997-318D-A762-4F04EA2F3712} = {FC8DBADD-2997-318D-A762-4F04EA2F3712}
		{546AA885-83F7-3A27-86E8-20484507AA4B} = {546AA885-83F7-3A27-86E8-20484507AA4B}
		{9F45FB20-5E31-3A48-93F1-D3CF0B456DCD} = {9F45FB20-5E31-3A48-93F1-D3CF0B456DCD}
	EndProjectSection
EndProject
Project("{8BC9CEB8-8B4A-11D0-8D11-00A0C91BC942}") = "tutorial_datagrid", "tutorial_datagrid.vcxproj", "{17CF5E52-3EEB-358D-AB75-C3B2C5AF2A9B}"
	ProjectSection(ProjectDependencies) = postProject
		{D2753208-F0FA-3377-8086-EE8C39047F27} = {D2753208-F0FA-3377-8086-EE8C39047F27}
		{FC8DBADD-2997-318D-A762-4F04EA2F3712} = {FC8DBADD-2997-318D-A762-4F04EA2F3712}
		{546AA885-83F7-3A27-86E8-20484507AA4B} = {546AA885-83F7-3A27-86E8-20484507AA4B}
		{9F45FB20-5E31-3A48-93F1-D3CF0B456DCD} = {9F45FB20-5E31-3A48-93F1-D3CF0B456DCD}
	EndProjectSection
EndProject
Project("{8BC9CEB8-8B4A-11D0-8D11-00A0C91BC942}") = "tutorial_datagrid_tree", "tutorial_datagrid_tree.vcxproj", "{D486464C-198C-3C9B-AF9E-8E2708C5D816}"
	ProjectSection(ProjectDependencies) = postProject
		{D2753208-F0FA-3377-8086-EE8C39047F27} = {D2753208-F0FA-3377-8086-EE8C39047F27}
		{FC8DBADD-2997-318D-A762-4F04EA2F3712} = {FC8DBADD-2997-318D-A762-4F04EA2F3712}
		{546AA885-83F7-3A27-86E8-20484507AA4B} = {546AA885-83F7-3A27-86E8-20484507AA4B}
		{9F45FB20-5E31-3A48-93F1-D3CF0B456DCD} = {9F45FB20-5E31-3A48-93F1-D3CF0B456DCD}
	EndProjectSection
EndProject
Project("{8BC9CEB8-8B4A-11D0-8D11-00A0C91BC942}") = "tutorial_drag", "tutorial_drag.vcxproj", "{E2941D60-831A-38DD-9587-785BA32AE3BC}"
	ProjectSection(ProjectDependencies) = postProject
		{D2753208-F0FA-3377-8086-EE8C39047F27} = {D2753208-F0FA-3377-8086-EE8C39047F27}
		{FC8DBADD-2997-318D-A762-4F04EA2F3712} = {FC8DBADD-2997-318D-A762-4F04EA2F3712}
		{546AA885-83F7-3A27-86E8-20484507AA4B} = {546AA885-83F7-3A27-86E8-20484507AA4B}
		{9F45FB20-5E31-3A48-93F1-D3CF0B456DCD} = {9F45FB20-5E31-3A48-93F1-D3CF0B456DCD}
	EndProjectSection
EndProject
Project("{8BC9CEB8-8B4A-11D0-8D11-00A0C91BC942}") = "tutorial_template", "tutorial_template.vcxproj", "{0319881D-BC98-3907-9381-C932489EDE3F}"
	ProjectSection(ProjectDependencies) = postProject
		{D2753208-F0FA-3377-8086-EE8C39047F27} = {D2753208-F0FA-3377-8086-EE8C39047F27}
		{FC8DBADD-2997-318D-A762-4F04EA2F3712} = {FC8DBADD-2997-318D-A762-4F04EA2F3712}
		{546AA885-83F7-3A27-86E8-20484507AA4B} = {546AA885-83F7-3A27-86E8-20484507AA4B}
		{9F45FB20-5E31-3A48-93F1-D3CF0B456DCD} = {9F45FB20-5E31-3A48-93F1-D3CF0B456DCD}
	EndProjectSection
EndProject
Global
	GlobalSection(SolutionConfigurationPlatforms) = preSolution
		Debug|Win32 = Debug|Win32
		Release|Win32 = Release|Win32
	EndGlobalSection
	GlobalSection(ProjectConfigurationPlatforms) = postSolution
		{01767A3A-3F70-3EFE-AC8D-6734B2A566B2}.Debug|Win32.ActiveCfg = Debug|Win32
		{01767A3A-3F70-3EFE-AC8D-6734B2A566B2}.Debug|Win32.Build.0 = Debug|Win32
		{01767A3A-3F70-3EFE-AC8D-6734B2A566B2}.Release|Win32.ActiveCfg = Release|Win32
		{01767A3A-3F70-3EFE-AC8D-6734B2A566B2}.Release|Win32.Build.0 = Release|Win32
		{53D24213-058D-30BF-87DD-CDEE3D98A831}.Debug|Win32.ActiveCfg = Debug|Win32
		{53D24213-058D-30BF-87DD-CDEE3D98A831}.Release|Win32.ActiveCfg = Release|Win32
		{D2753208-F0FA-3377-8086-EE8C39047F27}.Debug|Win32.ActiveCfg = Debug|Win32
		{D2753208-F0FA-3377-8086-EE8C39047F27}.Debug|Win32.Build.0 = Debug|Win32
		{D2753208-F0FA-3377-8086-EE8C39047F27}.Release|Win32.ActiveCfg = Release|Win32
		{D2753208-F0FA-3377-8086-EE8C39047F27}.Release|Win32.Build.0 = Release|Win32
		{FC8DBADD-2997-318D-A762-4F04EA2F3712}.Debug|Win32.ActiveCfg = Debug|Win32
		{FC8DBADD-2997-318D-A762-4F04EA2F3712}.Debug|Win32.Build.0 = Debug|Win32
		{FC8DBADD-2997-318D-A762-4F04EA2F3712}.Release|Win32.ActiveCfg = Release|Win32
		{FC8DBADD-2997-318D-A762-4F04EA2F3712}.Release|Win32.Build.0 = Release|Win32
		{546AA885-83F7-3A27-86E8-20484507AA4B}.Debug|Win32.ActiveCfg = Debug|Win32
		{546AA885-83F7-3A27-86E8-20484507AA4B}.Debug|Win32.Build.0 = Debug|Win32
		{546AA885-83F7-3A27-86E8-20484507AA4B}.Release|Win32.ActiveCfg = Release|Win32
		{546AA885-83F7-3A27-86E8-20484507AA4B}.Release|Win32.Build.0 = Release|Win32
		{53C00E66-AEE7-338B-B8FE-D5E680F7F26A}.Debug|Win32.ActiveCfg = Debug|Win32
		{53C00E66-AEE7-338B-B8FE-D5E680F7F26A}.Debug|Win32.Build.0 = Debug|Win32
		{53C00E66-AEE7-338B-B8FE-D5E680F7F26A}.Release|Win32.ActiveCfg = Release|Win32
		{53C00E66-AEE7-338B-B8FE-D5E680F7F26A}.Release|Win32.Build.0 = Release|Win32
		{98E30DC8-59E1-3751-99E1-770774E68B85}.Debug|Win32.ActiveCfg = Debug|Win32
		{98E30DC8-59E1-3751-99E1-770774E68B85}.Debug|Win32.Build.0 = Debug|Win32
		{98E30DC8-59E1-3751-99E1-770774E68B85}.Release|Win32.ActiveCfg = Release|Win32
		{98E30DC8-59E1-3751-99E1-770774E68B85}.Release|Win32.Build.0 = Release|Win32
		{20634CCE-061A-3C10-BACE-A2C88873ACBC}.Debug|Win32.ActiveCfg = Debug|Win32
		{20634CCE-061A-3C10-BACE-A2C88873ACBC}.Debug|Win32.Build.0 = Debug|Win32
		{20634CCE-061A-3C10-BACE-A2C88873ACBC}.Release|Win32.ActiveCfg = Release|Win32
		{20634CCE-061A-3C10-BACE-A2C88873ACBC}.Release|Win32.Build.0 = Release|Win32
		{073BAA57-73D2-3758-8907-FCA5ED3C9150}.Debug|Win32.ActiveCfg = Debug|Win32
		{073BAA57-73D2-3758-8907-FCA5ED3C9150}.Debug|Win32.Build.0 = Debug|Win32
		{073BAA57-73D2-3758-8907-FCA5ED3C9150}.Release|Win32.ActiveCfg = Release|Win32
		{073BAA57-73D2-3758-8907-FCA5ED3C9150}.Release|Win32.Build.0 = Release|Win32
		{F8F380D5-4FB3-371E-9929-ACEA8F630F9C}.Debug|Win32.ActiveCfg = Debug|Win32
		{F8F380D5-4FB3-371E-9929-ACEA8F630F9C}.Debug|Win32.Build.0 = Debug|Win32
		{F8F380D5-4FB3-371E-9929-ACEA8F630F9C}.Release|Win32.ActiveCfg = Release|Win32
		{F8F380D5-4FB3-371E-9929-ACEA8F630F9C}.Release|Win32.Build.0 = Release|Win32
		{F050748C-AA4E-33C4-BBF4-097131B61858}.Debug|Win32.ActiveCfg = Debug|Win32
		{F050748C-AA4E-33C4-BBF4-097131B61858}.Debug|Win32.Build.0 = Debug|Win32
		{F050748C-AA4E-33C4-BBF4-097131B61858}.Release|Win32.ActiveCfg = Release|Win32
		{F050748C-AA4E-33C4-BBF4-097131B61858}.Release|Win32.Build.0 = Release|Win32
		{FB4464EF-5DE8-3587-8A5C-A645C683CA32}.Debug|Win32.ActiveCfg = Debug|Win32
		{FB4464EF-5DE8-3587-8A5C-A645C683CA32}.Debug|Win32.Build.0 = Debug|Win32
		{FB4464EF-5DE8-3587-8A5C-A645C683CA32}.Release|Win32.ActiveCfg = Release|Win32
		{FB4464EF-5DE8-3587-8A5C-A645C683CA32}.Release|Win32.Build.0 = Release|Win32
		{FC7C2B32-9372-3668-9804-C781E3305F59}.Debug|Win32.ActiveCfg = Debug|Win32
		{FC7C2B32-9372-3668-9804-C781E3305F59}.Debug|Win32.Build.0 = Debug|Win32
		{FC7C2B32-9372-3668-9804-C781E3305F59}.Release|Win32.ActiveCfg = Release|Win32
		{FC7C2B32-9372-3668-9804-C781E3305F59}.Release|Win32.Build.0 = Release|Win32
		{C8415ADA-8F17-35A0-BAD4-C60435A21E2D}.Debug|Win32.ActiveCfg = Debug|Win32
		{C8415ADA-8F17-35A0-BAD4-C60435A21E2D}.Debug|Win32.Build.0 = Debug|Win32
		{C8415ADA-8F17-35A0-BAD4-C60435A21E2D}.Release|Win32.ActiveCfg = Release|Win32
		{C8415ADA-8F17-35A0-BAD4-C60435A21E2D}.Release|Win32.Build.0 = Release|Win32
		{A2640E71-A73D-3C5D-B9FD-5A5F84B14F7C}.Debug|Win32.ActiveCfg = Debug|Win32
		{A2640E71-A73D-3C5D-B9FD-5A5F84B14F7C}.Debug|Win32.Build.0 = Debug|Win32
		{A2640E71-A73D-3C5D-B9FD-5A5F84B14F7C}.Release|Win32.ActiveCfg = Release|Win32
		{A2640E71-A73D-3C5D-B9FD-5A5F84B14F7C}.Release|Win32.Build.0 = Release|Win32
		{0009A308-2C13-339C-8226-6064290D3E61}.Debug|Win32.ActiveCfg = Debug|Win32
		{0009A308-2C13-339C-8226-6064290D3E61}.Debug|Win32.Build.0 = Debug|Win32
		{0009A308-2C13-339C-8226-6064290D3E61}.Release|Win32.ActiveCfg = Release|Win32
		{0009A308-2C13-339C-8226-6064290D3E61}.Release|Win32.Build.0 = Release|Win32
		{9F45FB20-5E31-3A48-93F1-D3CF0B456DCD}.Debug|Win32.ActiveCfg = Debug|Win32
		{9F45FB20-5E31-3A48-93F1-D3CF0B456DCD}.Debug|Win32.Build.0 = Debug|Win32
		{9F45FB20-5E31-3A48-93F1-D3CF0B456DCD}.Release|Win32.ActiveCfg = Release|Win32
		{9F45FB20-5E31-3A48-93F1-D3CF0B456DCD}.Release|Win32.Build.0 = Release|Win32
		{5E609919-F0AB-3D61-96D6-B237333D50A8}.Debug|Win32.ActiveCfg = Debug|Win32
		{5E609919-F0AB-3D61-96D6-B237333D50A8}.Debug|Win32.Build.0 = Debug|Win32
		{5E609919-F0AB-3D61-96D6-B237333D50A8}.Release|Win32.ActiveCfg = Release|Win32
		{5E609919-F0AB-3D61-96D6-B237333D50A8}.Release|Win32.Build.0 = Release|Win32
		{0383155C-651A-3449-A3B5-4E0EB1C640F7}.Debug|Win32.ActiveCfg = Debug|Win32
		{0383155C-651A-3449-A3B5-4E0EB1C640F7}.Debug|Win32.Build.0 = Debug|Win32
		{0383155C-651A-3449-A3B5-4E0EB1C640F7}.Release|Win32.ActiveCfg = Release|Win32
		{0383155C-651A-3449-A3B5-4E0EB1C640F7}.Release|Win32.Build.0 = Release|Win32
		{17CF5E52-3EEB-358D-AB75-C3B2C5AF2A9B}.Debug|Win32.ActiveCfg = Debug|Win32
		{17CF5E52-3EEB-358D-AB75-C3B2C5AF2A9B}.Debug|Win32.Build.0 = Debug|Win32
		{17CF5E52-3EEB-358D-AB75-C3B2C5AF2A9B}.Release|Win32.ActiveCfg = Release|Win32
		{17CF5E52-3EEB-358D-AB75-C3B2C5AF2A9B}.Release|Win32.Build.0 = Release|Win32
		{D486464C-198C-3C9B-AF9E-8E2708C5D816}.Debug|Win32.ActiveCfg = Debug|Win32
		{D486464C-198C-3C9B-AF9E-8E2708C5D816}.Debug|Win32.Build.0 = Debug|Win32
		{D486464C-198C-3C9B-AF9E-8E2708C5D816}.Release|Win32.ActiveCfg = Release|Win32
		{D486464C-198C-3C9B-AF9E-8E2708C5D816}.Release|Win32.Build.0 = Release|Win32
		{E2941D60-831A-38DD-9587-785BA32AE3BC}.Debug|Win32.ActiveCfg = Debug|Win32
		{E2941D60-831A-38DD-9587-785BA32AE3BC}.Debug|Win32.Build.0 = Debug|Win32
		{E2941D60-831A-38DD-9587-785BA32AE3BC}.Release|Win32.ActiveCfg = Release|Win32
		{E2941D60-831A-38DD-9587-785BA32AE3BC}.Release|Win32.Build.0 = Release|Win32
		{0319881D-BC98-3907-9381-C932489EDE3F}.Debug|Win32.ActiveCfg = Debug|Win32
		{0319881D-BC98-3907-9381-C932489EDE3F}.Debug|Win32.Build.0 = Debug|Win32
		{0319881D-BC98-3907-9381-C932489EDE3F}.Release|Win32.ActiveCfg = Release|Win32
		{0319881D-BC98-3907-9381-C932489EDE3F}.Release|Win32.Build.0 = Release|Win32
	EndGlobalSection
	GlobalSection(ExtensibilityGlobals) = postSolution
		SolutionGuid = {A930DB07-E0D1-32F3-9233-ED56D7DEFB41}
	EndGlobalSection
	GlobalSection(ExtensibilityAddIns) = postSolution
	EndGlobalSection
EndGlobal
