<?xml version="1.0" encoding="utf-8"?>
<Project ToolsVersion="15.0" xmlns="http://schemas.microsoft.com/developer/msbuild/2003">
  <ItemGroup>
    <ClCompile Include="E:\GitHub\RmlUi\Samples\tutorial\datagrid\src\DecoratorDefender.cpp">
      <Filter>Source Files</Filter>
    </ClCompile>
    <ClCompile Include="E:\GitHub\RmlUi\Samples\tutorial\datagrid\src\DecoratorInstancerDefender.cpp">
      <Filter>Source Files</Filter>
    </ClCompile>
    <ClCompile Include="E:\GitHub\RmlUi\Samples\tutorial\datagrid\src\HighScores.cpp">
      <Filter>Source Files</Filter>
    </ClCompile>
    <ClCompile Include="E:\GitHub\RmlUi\Samples\tutorial\datagrid\src\main.cpp">
      <Filter>Source Files</Filter>
    </ClCompile>
  </ItemGroup>
  <ItemGroup>
    <ClInclude Include="E:\GitHub\RmlUi\Samples\tutorial\datagrid\src\DecoratorDefender.h">
      <Filter>Header Files</Filter>
    </ClInclude>
    <ClInclude Include="E:\GitHub\RmlUi\Samples\tutorial\datagrid\src\DecoratorInstancerDefender.h">
      <Filter>Header Files</Filter>
    </ClInclude>
    <ClInclude Include="E:\GitHub\RmlUi\Samples\tutorial\datagrid\src\HighScores.h">
      <Filter>Header Files</Filter>
    </ClInclude>
  </ItemGroup>
  <ItemGroup>
    <CustomBuild Include="E:\GitHub\RmlUi\CMakeLists.txt" />
  </ItemGroup>
  <ItemGroup>
    <Filter Include="Header Files">
      <UniqueIdentifier>{4D755DFC-8DA0-3842-9512-8B1A4913D4CE}</UniqueIdentifier>
    </Filter>
    <Filter Include="Source Files">
      <UniqueIdentifier>{8EB21CFE-33F2-3565-A0B5-790CB44DA232}</UniqueIdentifier>
    </Filter>
  </ItemGroup>
</Project>
